// !$*UTF8*$!
{
	archiveVersion = 1;
	classes = {
	};
	objectVersion = 46;
	objects = {

/* Begin PBXBuildFile section */
		00E356F31AD99517003FC87E /* xeniaTests.m in Sources */ = {isa = PBXBuildFile; fileRef = 00E356F21AD99517003FC87E /* xeniaTests.m */; };
		0DC7BA6833EE3C021D812AEE /* libPods-xenia-tvOS-xenia-tvOSTests.a in Frameworks */ = {isa = PBXBuildFile; fileRef = B13352DB8F46BBC92BD5D4FD /* libPods-xenia-tvOS-xenia-tvOSTests.a */; };
		10228B25FE9C4F8491A3BBB1 /* Foundation.ttf in Resources */ = {isa = PBXBuildFile; fileRef = CD55185C6DE84276B6764602 /* Foundation.ttf */; };
		13B07FBC1A68108700A75B9A /* AppDelegate.m in Sources */ = {isa = PBXBuildFile; fileRef = 13B07FB01A68108700A75B9A /* AppDelegate.m */; };
		13B07FBD1A68108700A75B9A /* LaunchScreen.xib in Resources */ = {isa = PBXBuildFile; fileRef = 13B07FB11A68108700A75B9A /* LaunchScreen.xib */; };
		13B07FBF1A68108700A75B9A /* Images.xcassets in Resources */ = {isa = PBXBuildFile; fileRef = 13B07FB51A68108700A75B9A /* Images.xcassets */; };
		13B07FC11A68108700A75B9A /* main.m in Sources */ = {isa = PBXBuildFile; fileRef = 13B07FB71A68108700A75B9A /* main.m */; };
		149798211B9149F19B625CF5 /* Bellerose.ttf in Resources */ = {isa = PBXBuildFile; fileRef = 41BD9D1C2A474D389D8664C4 /* Bellerose.ttf */; };
		17465BE4D3C94427A7C81168 /* AntDesign.ttf in Resources */ = {isa = PBXBuildFile; fileRef = 6D91B5C5E8034ABEA0F99B99 /* AntDesign.ttf */; };
		181C925B2593006B0028E871 /* GoogleService-Info.plist in Resources */ = {isa = PBXBuildFile; fileRef = 18FA8E22259073BF00376327 /* GoogleService-Info.plist */; };
		1863553E24233E360097D618 /* libGoogle-Maps-iOS-Utils.a in Frameworks */ = {isa = PBXBuildFile; fileRef = 1863553D24233E360097D618 /* libGoogle-Maps-iOS-Utils.a */; };
		1863554124233E5B0097D618 /* libreact-native-geolocation.a in Frameworks */ = {isa = PBXBuildFile; fileRef = 1863553F24233E5B0097D618 /* libreact-native-geolocation.a */; settings = {ATTRIBUTES = (Required, ); }; };
		1863554224233E5B0097D618 /* libreact-native-google-maps.a in Frameworks */ = {isa = PBXBuildFile; fileRef = 1863554024233E5B0097D618 /* libreact-native-google-maps.a */; };
		1863554A242359310097D618 /* MapKit.framework in Frameworks */ = {isa = PBXBuildFile; fileRef = 18635549242359310097D618 /* MapKit.framework */; };
		1876724E258C721800ED9AA8 /* File.swift in Sources */ = {isa = PBXBuildFile; fileRef = 1876724C258C721700ED9AA8 /* File.swift */; };
		1878B3502590CD4900B1E443 /* Feather.ttf in Resources */ = {isa = PBXBuildFile; fileRef = 1878B33C2590CD4300B1E443 /* Feather.ttf */; };
		1878B3512590CD4900B1E443 /* SweetyStrawberry.ttf in Resources */ = {isa = PBXBuildFile; fileRef = 1878B33D2590CD4300B1E443 /* SweetyStrawberry.ttf */; };
		1878B3522590CD4900B1E443 /* Nunito-Bold.ttf in Resources */ = {isa = PBXBuildFile; fileRef = 1878B33E2590CD4300B1E443 /* Nunito-Bold.ttf */; };
		1878B3532590CD4900B1E443 /* Nunito-Regular.ttf in Resources */ = {isa = PBXBuildFile; fileRef = 1878B33F2590CD4400B1E443 /* Nunito-Regular.ttf */; };
		1878B3542590CD4900B1E443 /* Rumble Brave.otf in Resources */ = {isa = PBXBuildFile; fileRef = 1878B3402590CD4400B1E443 /* Rumble Brave.otf */; };
		1878B3552590CD4900B1E443 /* FontAwesome5_Solid.ttf in Resources */ = {isa = PBXBuildFile; fileRef = 1878B3412590CD4400B1E443 /* FontAwesome5_Solid.ttf */; };
		1878B3562590CD4900B1E443 /* FontAwesome5_Regular.ttf in Resources */ = {isa = PBXBuildFile; fileRef = 1878B3422590CD4500B1E443 /* FontAwesome5_Regular.ttf */; };
		1878B3572590CD4900B1E443 /* FontAwesome.ttf in Resources */ = {isa = PBXBuildFile; fileRef = 1878B3432590CD4500B1E443 /* FontAwesome.ttf */; };
		1878B3582590CD4900B1E443 /* EvilIcons.ttf in Resources */ = {isa = PBXBuildFile; fileRef = 1878B3442590CD4500B1E443 /* EvilIcons.ttf */; };
		1878B3592590CD4900B1E443 /* MaterialCommunityIcons.ttf in Resources */ = {isa = PBXBuildFile; fileRef = 1878B3452590CD4600B1E443 /* MaterialCommunityIcons.ttf */; };
		1878B35A2590CD4900B1E443 /* Bellerose.ttf in Resources */ = {isa = PBXBuildFile; fileRef = 1878B3462590CD4600B1E443 /* Bellerose.ttf */; };
		1878B35B2590CD4900B1E443 /* Octicons.ttf in Resources */ = {isa = PBXBuildFile; fileRef = 1878B3472590CD4600B1E443 /* Octicons.ttf */; };
		1878B35C2590CD4900B1E443 /* FontAwesome5_Brands.ttf in Resources */ = {isa = PBXBuildFile; fileRef = 1878B3482590CD4700B1E443 /* FontAwesome5_Brands.ttf */; };
		1878B35D2590CD4900B1E443 /* Entypo.ttf in Resources */ = {isa = PBXBuildFile; fileRef = 1878B3492590CD4700B1E443 /* Entypo.ttf */; };
		1878B35E2590CD4900B1E443 /* SimpleLineIcons.ttf in Resources */ = {isa = PBXBuildFile; fileRef = 1878B34A2590CD4800B1E443 /* SimpleLineIcons.ttf */; };
		1878B35F2590CD4900B1E443 /* Nunito-ExtraBold.ttf in Resources */ = {isa = PBXBuildFile; fileRef = 1878B34B2590CD4800B1E443 /* Nunito-ExtraBold.ttf */; };
		1878B3602590CD4900B1E443 /* MaterialIcons.ttf in Resources */ = {isa = PBXBuildFile; fileRef = 1878B34C2590CD4800B1E443 /* MaterialIcons.ttf */; };
		1878B3612590CD4900B1E443 /* Fontisto.ttf in Resources */ = {isa = PBXBuildFile; fileRef = 1878B34D2590CD4900B1E443 /* Fontisto.ttf */; };
		1878B3622590CD4900B1E443 /* AntDesign.ttf in Resources */ = {isa = PBXBuildFile; fileRef = 1878B34E2590CD4900B1E443 /* AntDesign.ttf */; };
		1878B3632590CD4900B1E443 /* Zocial.ttf in Resources */ = {isa = PBXBuildFile; fileRef = 1878B34F2590CD4900B1E443 /* Zocial.ttf */; };
		187EAAB026D7B7C40069EE5D /* happy_bday.mp3 in Resources */ = {isa = PBXBuildFile; fileRef = 187EAAAF26D7B7C40069EE5D /* happy_bday.mp3 */; };
		18E06B772707262E00B62337 /* RNTextGradientView.podspec in Resources */ = {isa = PBXBuildFile; fileRef = 18E06B732707262E00B62337 /* RNTextGradientView.podspec */; };
		18E06B79270726A000B62337 /* libRNTextGradientView.a in Frameworks */ = {isa = PBXBuildFile; fileRef = 18E06B78270726A000B62337 /* libRNTextGradientView.a */; };
		19C6A53D1240516839BC262B /* libPods-xenia-tvOS.a in Frameworks */ = {isa = PBXBuildFile; fileRef = DFFF5230DB38821E3D448406 /* libPods-xenia-tvOS.a */; };
		27A92DED398E4B6B9E9CFF9E /* Nunito-Bold.ttf in Resources */ = {isa = PBXBuildFile; fileRef = 89E445B502514394AA6C095A /* Nunito-Bold.ttf */; };
		2BC961C708E7487ABF1D979A /* Rumble Brave.otf in Resources */ = {isa = PBXBuildFile; fileRef = 3B4D540EF1F542A4811ACB9D /* Rumble Brave.otf */; };
		2D02E4BC1E0B4A80006451C7 /* AppDelegate.m in Sources */ = {isa = PBXBuildFile; fileRef = 13B07FB01A68108700A75B9A /* AppDelegate.m */; };
		2D02E4BD1E0B4A84006451C7 /* Images.xcassets in Resources */ = {isa = PBXBuildFile; fileRef = 13B07FB51A68108700A75B9A /* Images.xcassets */; };
		2D02E4BF1E0B4AB3006451C7 /* main.m in Sources */ = {isa = PBXBuildFile; fileRef = 13B07FB71A68108700A75B9A /* main.m */; };
		2DCD954D1E0B4F2C00145EB5 /* xeniaTests.m in Sources */ = {isa = PBXBuildFile; fileRef = 00E356F21AD99517003FC87E /* xeniaTests.m */; };
		33603F4F7A5C5F9DBB1F031B /* libPods-xeniaTests.a in Frameworks */ = {isa = PBXBuildFile; fileRef = 268C8C39D965A50B9F524DD0 /* libPods-xeniaTests.a */; };
		3B5FA29210C24AA8807E4C4B /* Fontisto.ttf in Resources */ = {isa = PBXBuildFile; fileRef = 35EA86C95C5945568940702B /* Fontisto.ttf */; };
		439435B60BD44507BE522FDE /* Madina.ttf in Resources */ = {isa = PBXBuildFile; fileRef = CE5B76771DA84207983D80B4 /* Madina.ttf */; };
		49E64A6D7A254AFDB5A72A35 /* MaterialCommunityIcons.ttf in Resources */ = {isa = PBXBuildFile; fileRef = 2B106599BAF04DAC8C33B3AA /* MaterialCommunityIcons.ttf */; };
		5131CC13D2AC4866A0A76310 /* FontAwesome.ttf in Resources */ = {isa = PBXBuildFile; fileRef = 9574941BB2FA4E53AB35E267 /* FontAwesome.ttf */; };
		51E4B8D60DD94CCFA8D0CAC1 /* EvilIcons.ttf in Resources */ = {isa = PBXBuildFile; fileRef = 8BF5D35338B745FABC9D4C86 /* EvilIcons.ttf */; };
		6563F7BAAC6F435ABB5D51DF /* Zocial.ttf in Resources */ = {isa = PBXBuildFile; fileRef = 9F98C295782E46ADBE5FA707 /* Zocial.ttf */; };
		6EEFAE6A208544C8AE950845 /* FontAwesome5_Brands.ttf in Resources */ = {isa = PBXBuildFile; fileRef = 86DE0D8BFA3E40E498A82458 /* FontAwesome5_Brands.ttf */; };
		719924B70E28446C87A0F4F6 /* Nunito-Regular.ttf in Resources */ = {isa = PBXBuildFile; fileRef = 87C1C425ECA340A2988E8AB7 /* Nunito-Regular.ttf */; };
		832F720752F149EFA140AB2B /* Feather.ttf in Resources */ = {isa = PBXBuildFile; fileRef = A00A4D5F846B4A5BB635779C /* Feather.ttf */; };
		8A046984BB024CCFB2647187 /* Entypo.ttf in Resources */ = {isa = PBXBuildFile; fileRef = FDF39C2C376744AEAC35D143 /* Entypo.ttf */; };
		925D0318A83E40A1A490D3B3 /* Times Bold.ttf in Resources */ = {isa = PBXBuildFile; fileRef = 108FD944694B4A30B8F500FA /* Times Bold.ttf */; };
		94E2A247740A4C9C85283F3A /* MaterialIcons.ttf in Resources */ = {isa = PBXBuildFile; fileRef = 4DB708C18E0A4F309D52C1E8 /* MaterialIcons.ttf */; };
		9D74A2AC93D4499FA8A79863 /* Times New Roman.ttf in Resources */ = {isa = PBXBuildFile; fileRef = 1C0675C83FD046A0B3410359 /* Times New Roman.ttf */; };
		A775076C29554E6F9C18AB27 /* Nunito-ExtraBold.ttf in Resources */ = {isa = PBXBuildFile; fileRef = C12621717F644A8DB7952522 /* Nunito-ExtraBold.ttf */; };
		C8603448C3CA40519A3896F1 /* Ionicons.ttf in Resources */ = {isa = PBXBuildFile; fileRef = F7C8459130F748D3AF9DADD3 /* Ionicons.ttf */; };
		CFC1D6DE8AD44B998F31E56B /* SimpleLineIcons.ttf in Resources */ = {isa = PBXBuildFile; fileRef = F3C3869694C44FC9B6FDDCDA /* SimpleLineIcons.ttf */; };
		E149628F2AB74EB699348C4F /* SweetyStrawberry.ttf in Resources */ = {isa = PBXBuildFile; fileRef = 1D16A28F1E3348D882F514EC /* SweetyStrawberry.ttf */; };
		F295C40D61E44D8FA0A2E3CA /* Octicons.ttf in Resources */ = {isa = PBXBuildFile; fileRef = 8BF22FB6A8324904BEDB2FBE /* Octicons.ttf */; };
		F38B600C61714A6C9C63B464 /* FontAwesome5_Regular.ttf in Resources */ = {isa = PBXBuildFile; fileRef = 59ED5E687EB249F7AD74DC96 /* FontAwesome5_Regular.ttf */; };
		F3C5F4C61A894244BCD99EC4 /* FontAwesome5_Solid.ttf in Resources */ = {isa = PBXBuildFile; fileRef = 0EA51199D9B340C394FA3907 /* FontAwesome5_Solid.ttf */; };
		FC1DE3E8EBCCE5C814D42BEF /* libPods-xenia.a in Frameworks */ = {isa = PBXBuildFile; fileRef = 7F7D95D909DFAB6C1F95C6AB /* libPods-xenia.a */; };
/* End PBXBuildFile section */

/* Begin PBXContainerItemProxy section */
		00E356F41AD99517003FC87E /* PBXContainerItemProxy */ = {
			isa = PBXContainerItemProxy;
			containerPortal = 83CBB9F71A601CBA00E9B192 /* Project object */;
			proxyType = 1;
			remoteGlobalIDString = 13B07F861A680F5B00A75B9A;
			remoteInfo = xenia;
		};
		184771AD2422084C00DB513C /* PBXContainerItemProxy */ = {
			isa = PBXContainerItemProxy;
			containerPortal = 184771A92422084C00DB513C /* RNImagePicker.xcodeproj */;
			proxyType = 2;
			remoteGlobalIDString = 014A3B5C1C6CF33500B6D375;
			remoteInfo = RNImagePicker;
		};
		186355472423496C0097D618 /* PBXContainerItemProxy */ = {
			isa = PBXContainerItemProxy;
			containerPortal = 186355432423496C0097D618 /* AirMaps.xcodeproj */;
			proxyType = 2;
			remoteGlobalIDString = 11FA5C511C4A1296003AC2EE;
			remoteInfo = AirMaps;
		};
		18ADB8F4249797F600F77798 /* PBXContainerItemProxy */ = {
			isa = PBXContainerItemProxy;
			containerPortal = 18ADB8EF249797F500F77798 /* RNDocumentPicker.xcodeproj */;
			proxyType = 2;
			remoteGlobalIDString = E01DD9DB1D2311A600C39062;
			remoteInfo = RNDocumentPicker;
		};
		2D02E4911E0B4A5D006451C7 /* PBXContainerItemProxy */ = {
			isa = PBXContainerItemProxy;
			containerPortal = 83CBB9F71A601CBA00E9B192 /* Project object */;
			proxyType = 1;
			remoteGlobalIDString = 2D02E47A1E0B4A5D006451C7;
			remoteInfo = "xenia-tvOS";
		};
/* End PBXContainerItemProxy section */

/* Begin PBXFileReference section */
		008F07F21AC5B25A0029DE68 /* main.jsbundle */ = {isa = PBXFileReference; fileEncoding = 4; lastKnownFileType = text; path = main.jsbundle; sourceTree = "<group>"; };
		00E356EE1AD99517003FC87E /* xeniaTests.xctest */ = {isa = PBXFileReference; explicitFileType = wrapper.cfbundle; includeInIndex = 0; path = xeniaTests.xctest; sourceTree = BUILT_PRODUCTS_DIR; };
		00E356F11AD99517003FC87E /* Info.plist */ = {isa = PBXFileReference; lastKnownFileType = text.plist.xml; path = Info.plist; sourceTree = "<group>"; };
		00E356F21AD99517003FC87E /* xeniaTests.m */ = {isa = PBXFileReference; lastKnownFileType = sourcecode.c.objc; path = xeniaTests.m; sourceTree = "<group>"; };
		0EA51199D9B340C394FA3907 /* FontAwesome5_Solid.ttf */ = {isa = PBXFileReference; explicitFileType = undefined; fileEncoding = 9; includeInIndex = 0; lastKnownFileType = unknown; name = FontAwesome5_Solid.ttf; path = "../node_modules/react-native-vector-icons/Fonts/FontAwesome5_Solid.ttf"; sourceTree = "<group>"; };
		108FD944694B4A30B8F500FA /* Times Bold.ttf */ = {isa = PBXFileReference; explicitFileType = undefined; fileEncoding = 9; includeInIndex = 0; lastKnownFileType = unknown; name = "Times Bold.ttf"; path = "../node_modules/react-native-vector-icons/Fonts/Times Bold.ttf"; sourceTree = "<group>"; };
		13B07F961A680F5B00A75B9A /* xenia.app */ = {isa = PBXFileReference; explicitFileType = wrapper.application; includeInIndex = 0; path = xenia.app; sourceTree = BUILT_PRODUCTS_DIR; };
		13B07FAF1A68108700A75B9A /* AppDelegate.h */ = {isa = PBXFileReference; fileEncoding = 4; lastKnownFileType = sourcecode.c.h; name = AppDelegate.h; path = xenia/AppDelegate.h; sourceTree = "<group>"; };
		13B07FB01A68108700A75B9A /* AppDelegate.m */ = {isa = PBXFileReference; fileEncoding = 4; lastKnownFileType = sourcecode.c.objc; name = AppDelegate.m; path = xenia/AppDelegate.m; sourceTree = "<group>"; };
		13B07FB21A68108700A75B9A /* Base */ = {isa = PBXFileReference; lastKnownFileType = file.xib; name = Base; path = Base.lproj/LaunchScreen.xib; sourceTree = "<group>"; };
		13B07FB51A68108700A75B9A /* Images.xcassets */ = {isa = PBXFileReference; lastKnownFileType = folder.assetcatalog; name = Images.xcassets; path = xenia/Images.xcassets; sourceTree = "<group>"; };
		13B07FB61A68108700A75B9A /* Info.plist */ = {isa = PBXFileReference; fileEncoding = 4; lastKnownFileType = text.plist.xml; name = Info.plist; path = xenia/Info.plist; sourceTree = "<group>"; };
		13B07FB71A68108700A75B9A /* main.m */ = {isa = PBXFileReference; fileEncoding = 4; lastKnownFileType = sourcecode.c.objc; name = main.m; path = xenia/main.m; sourceTree = "<group>"; };
		184771A92422084C00DB513C /* RNImagePicker.xcodeproj */ = {isa = PBXFileReference; lastKnownFileType = "wrapper.pb-project"; name = RNImagePicker.xcodeproj; path = "../node_modules/react-native-image-picker/ios/RNImagePicker.xcodeproj"; sourceTree = "<group>"; };
		1863553D24233E360097D618 /* libGoogle-Maps-iOS-Utils.a */ = {isa = PBXFileReference; explicitFileType = archive.ar; path = "libGoogle-Maps-iOS-Utils.a"; sourceTree = BUILT_PRODUCTS_DIR; };
		1863553F24233E5B0097D618 /* libreact-native-geolocation.a */ = {isa = PBXFileReference; explicitFileType = archive.ar; path = "libreact-native-geolocation.a"; sourceTree = BUILT_PRODUCTS_DIR; };
		1863554024233E5B0097D618 /* libreact-native-google-maps.a */ = {isa = PBXFileReference; explicitFileType = archive.ar; path = "libreact-native-google-maps.a"; sourceTree = BUILT_PRODUCTS_DIR; };
		186355432423496C0097D618 /* AirMaps.xcodeproj */ = {isa = PBXFileReference; lastKnownFileType = "wrapper.pb-project"; name = AirMaps.xcodeproj; path = "../node_modules/react-native-maps/lib/ios/AirMaps.xcodeproj"; sourceTree = "<group>"; };
		18635549242359310097D618 /* MapKit.framework */ = {isa = PBXFileReference; lastKnownFileType = wrapper.framework; name = MapKit.framework; path = System/Library/Frameworks/MapKit.framework; sourceTree = SDKROOT; };
		1863554B2423599D0097D618 /* xenia.entitlements */ = {isa = PBXFileReference; lastKnownFileType = text.plist.entitlements; name = xenia.entitlements; path = xenia/xenia.entitlements; sourceTree = "<group>"; };
		1876724C258C721700ED9AA8 /* File.swift */ = {isa = PBXFileReference; lastKnownFileType = sourcecode.swift; path = File.swift; sourceTree = "<group>"; };
		1878B33C2590CD4300B1E443 /* Feather.ttf */ = {isa = PBXFileReference; lastKnownFileType = file; path = Feather.ttf; sourceTree = "<group>"; };
		1878B33D2590CD4300B1E443 /* SweetyStrawberry.ttf */ = {isa = PBXFileReference; lastKnownFileType = file; path = SweetyStrawberry.ttf; sourceTree = "<group>"; };
		1878B33E2590CD4300B1E443 /* Nunito-Bold.ttf */ = {isa = PBXFileReference; lastKnownFileType = file; path = "Nunito-Bold.ttf"; sourceTree = "<group>"; };
		1878B33F2590CD4400B1E443 /* Nunito-Regular.ttf */ = {isa = PBXFileReference; lastKnownFileType = file; path = "Nunito-Regular.ttf"; sourceTree = "<group>"; };
		1878B3402590CD4400B1E443 /* Rumble Brave.otf */ = {isa = PBXFileReference; lastKnownFileType = file; path = "Rumble Brave.otf"; sourceTree = "<group>"; };
		1878B3412590CD4400B1E443 /* FontAwesome5_Solid.ttf */ = {isa = PBXFileReference; lastKnownFileType = file; path = FontAwesome5_Solid.ttf; sourceTree = "<group>"; };
		1878B3422590CD4500B1E443 /* FontAwesome5_Regular.ttf */ = {isa = PBXFileReference; lastKnownFileType = file; path = FontAwesome5_Regular.ttf; sourceTree = "<group>"; };
		1878B3432590CD4500B1E443 /* FontAwesome.ttf */ = {isa = PBXFileReference; lastKnownFileType = file; path = FontAwesome.ttf; sourceTree = "<group>"; };
		1878B3442590CD4500B1E443 /* EvilIcons.ttf */ = {isa = PBXFileReference; lastKnownFileType = file; path = EvilIcons.ttf; sourceTree = "<group>"; };
		1878B3452590CD4600B1E443 /* MaterialCommunityIcons.ttf */ = {isa = PBXFileReference; lastKnownFileType = file; path = MaterialCommunityIcons.ttf; sourceTree = "<group>"; };
		1878B3462590CD4600B1E443 /* Bellerose.ttf */ = {isa = PBXFileReference; lastKnownFileType = file; path = Bellerose.ttf; sourceTree = "<group>"; };
		1878B3472590CD4600B1E443 /* Octicons.ttf */ = {isa = PBXFileReference; lastKnownFileType = file; path = Octicons.ttf; sourceTree = "<group>"; };
		1878B3482590CD4700B1E443 /* FontAwesome5_Brands.ttf */ = {isa = PBXFileReference; lastKnownFileType = file; path = FontAwesome5_Brands.ttf; sourceTree = "<group>"; };
		1878B3492590CD4700B1E443 /* Entypo.ttf */ = {isa = PBXFileReference; lastKnownFileType = file; path = Entypo.ttf; sourceTree = "<group>"; };
		1878B34A2590CD4800B1E443 /* SimpleLineIcons.ttf */ = {isa = PBXFileReference; lastKnownFileType = file; path = SimpleLineIcons.ttf; sourceTree = "<group>"; };
		1878B34B2590CD4800B1E443 /* Nunito-ExtraBold.ttf */ = {isa = PBXFileReference; lastKnownFileType = file; path = "Nunito-ExtraBold.ttf"; sourceTree = "<group>"; };
		1878B34C2590CD4800B1E443 /* MaterialIcons.ttf */ = {isa = PBXFileReference; lastKnownFileType = file; path = MaterialIcons.ttf; sourceTree = "<group>"; };
		1878B34D2590CD4900B1E443 /* Fontisto.ttf */ = {isa = PBXFileReference; lastKnownFileType = file; path = Fontisto.ttf; sourceTree = "<group>"; };
		1878B34E2590CD4900B1E443 /* AntDesign.ttf */ = {isa = PBXFileReference; lastKnownFileType = file; path = AntDesign.ttf; sourceTree = "<group>"; };
		1878B34F2590CD4900B1E443 /* Zocial.ttf */ = {isa = PBXFileReference; lastKnownFileType = file; path = Zocial.ttf; sourceTree = "<group>"; };
		187EAAAF26D7B7C40069EE5D /* happy_bday.mp3 */ = {isa = PBXFileReference; lastKnownFileType = audio.mp3; name = happy_bday.mp3; path = ../../../happy_bday.mp3; sourceTree = "<group>"; };
		18ADB8EF249797F500F77798 /* RNDocumentPicker.xcodeproj */ = {isa = PBXFileReference; lastKnownFileType = "wrapper.pb-project"; name = RNDocumentPicker.xcodeproj; path = "../node_modules/react-native-document-picker/ios/RNDocumentPicker.xcodeproj"; sourceTree = "<group>"; };
		18E06B732707262E00B62337 /* RNTextGradientView.podspec */ = {isa = PBXFileReference; fileEncoding = 4; lastKnownFileType = text; name = RNTextGradientView.podspec; path = "../node_modules/react-native-text-gradient/RNTextGradientView.podspec"; sourceTree = "<group>"; };
		18E06B78270726A000B62337 /* libRNTextGradientView.a */ = {isa = PBXFileReference; explicitFileType = archive.ar; path = libRNTextGradientView.a; sourceTree = BUILT_PRODUCTS_DIR; };
		18F07C08249B8BE300C82393 /* xeniaRelease.entitlements */ = {isa = PBXFileReference; lastKnownFileType = text.plist.entitlements; name = xeniaRelease.entitlements; path = xenia/xeniaRelease.entitlements; sourceTree = "<group>"; };
		18FA8E22259073BF00376327 /* GoogleService-Info.plist */ = {isa = PBXFileReference; lastKnownFileType = text.plist.xml; path = "GoogleService-Info.plist"; sourceTree = "<group>"; };
		1C0675C83FD046A0B3410359 /* Times New Roman.ttf */ = {isa = PBXFileReference; explicitFileType = undefined; fileEncoding = 9; includeInIndex = 0; lastKnownFileType = unknown; name = "Times New Roman.ttf"; path = "../node_modules/react-native-vector-icons/Fonts/Times New Roman.ttf"; sourceTree = "<group>"; };
		1D08A36F408857A3387DBDAD /* Pods-xenia-tvOS-xenia-tvOSTests.debug.xcconfig */ = {isa = PBXFileReference; includeInIndex = 1; lastKnownFileType = text.xcconfig; name = "Pods-xenia-tvOS-xenia-tvOSTests.debug.xcconfig"; path = "Target Support Files/Pods-xenia-tvOS-xenia-tvOSTests/Pods-xenia-tvOS-xenia-tvOSTests.debug.xcconfig"; sourceTree = "<group>"; };
		1D16A28F1E3348D882F514EC /* SweetyStrawberry.ttf */ = {isa = PBXFileReference; explicitFileType = undefined; fileEncoding = 9; includeInIndex = 0; lastKnownFileType = unknown; name = SweetyStrawberry.ttf; path = "../node_modules/react-native-vector-icons/Fonts/SweetyStrawberry.ttf"; sourceTree = "<group>"; };
		268C8C39D965A50B9F524DD0 /* libPods-xeniaTests.a */ = {isa = PBXFileReference; explicitFileType = archive.ar; includeInIndex = 0; path = "libPods-xeniaTests.a"; sourceTree = BUILT_PRODUCTS_DIR; };
		273D8F0F683A2657A7AB8A61 /* Pods-xenia-tvOS.release.xcconfig */ = {isa = PBXFileReference; includeInIndex = 1; lastKnownFileType = text.xcconfig; name = "Pods-xenia-tvOS.release.xcconfig"; path = "Target Support Files/Pods-xenia-tvOS/Pods-xenia-tvOS.release.xcconfig"; sourceTree = "<group>"; };
		2B106599BAF04DAC8C33B3AA /* MaterialCommunityIcons.ttf */ = {isa = PBXFileReference; explicitFileType = undefined; fileEncoding = 9; includeInIndex = 0; lastKnownFileType = unknown; name = MaterialCommunityIcons.ttf; path = "../node_modules/react-native-vector-icons/Fonts/MaterialCommunityIcons.ttf"; sourceTree = "<group>"; };
		2D02E47B1E0B4A5D006451C7 /* xenia-tvOS.app */ = {isa = PBXFileReference; explicitFileType = wrapper.application; includeInIndex = 0; path = "xenia-tvOS.app"; sourceTree = BUILT_PRODUCTS_DIR; };
		2D02E4901E0B4A5D006451C7 /* xenia-tvOSTests.xctest */ = {isa = PBXFileReference; explicitFileType = wrapper.cfbundle; includeInIndex = 0; path = "xenia-tvOSTests.xctest"; sourceTree = BUILT_PRODUCTS_DIR; };
		35EA86C95C5945568940702B /* Fontisto.ttf */ = {isa = PBXFileReference; explicitFileType = undefined; fileEncoding = 9; includeInIndex = 0; lastKnownFileType = unknown; name = Fontisto.ttf; path = "../node_modules/react-native-vector-icons/Fonts/Fontisto.ttf"; sourceTree = "<group>"; };
		3B4D540EF1F542A4811ACB9D /* Rumble Brave.otf */ = {isa = PBXFileReference; explicitFileType = undefined; fileEncoding = 9; includeInIndex = 0; lastKnownFileType = unknown; name = "Rumble Brave.otf"; path = "../node_modules/react-native-vector-icons/Fonts/Rumble Brave.otf"; sourceTree = "<group>"; };
		41BD9D1C2A474D389D8664C4 /* Bellerose.ttf */ = {isa = PBXFileReference; explicitFileType = undefined; fileEncoding = 9; includeInIndex = 0; lastKnownFileType = unknown; name = Bellerose.ttf; path = "../node_modules/react-native-vector-icons/Fonts/Bellerose.ttf"; sourceTree = "<group>"; };
		4DB708C18E0A4F309D52C1E8 /* MaterialIcons.ttf */ = {isa = PBXFileReference; explicitFileType = undefined; fileEncoding = 9; includeInIndex = 0; lastKnownFileType = unknown; name = MaterialIcons.ttf; path = "../node_modules/react-native-vector-icons/Fonts/MaterialIcons.ttf"; sourceTree = "<group>"; };
		4EECBD112BE8318DFE32611E /* Pods-xeniaTests.debug.xcconfig */ = {isa = PBXFileReference; includeInIndex = 1; lastKnownFileType = text.xcconfig; name = "Pods-xeniaTests.debug.xcconfig"; path = "Target Support Files/Pods-xeniaTests/Pods-xeniaTests.debug.xcconfig"; sourceTree = "<group>"; };
		5115B9B1A465C5D2368B424C /* Pods-xenia.debug.xcconfig */ = {isa = PBXFileReference; includeInIndex = 1; lastKnownFileType = text.xcconfig; name = "Pods-xenia.debug.xcconfig"; path = "Target Support Files/Pods-xenia/Pods-xenia.debug.xcconfig"; sourceTree = "<group>"; };
		59ED5E687EB249F7AD74DC96 /* FontAwesome5_Regular.ttf */ = {isa = PBXFileReference; explicitFileType = undefined; fileEncoding = 9; includeInIndex = 0; lastKnownFileType = unknown; name = FontAwesome5_Regular.ttf; path = "../node_modules/react-native-vector-icons/Fonts/FontAwesome5_Regular.ttf"; sourceTree = "<group>"; };
		6D91B5C5E8034ABEA0F99B99 /* AntDesign.ttf */ = {isa = PBXFileReference; explicitFileType = undefined; fileEncoding = 9; includeInIndex = 0; lastKnownFileType = unknown; name = AntDesign.ttf; path = "../node_modules/react-native-vector-icons/Fonts/AntDesign.ttf"; sourceTree = "<group>"; };
		7F7D95D909DFAB6C1F95C6AB /* libPods-xenia.a */ = {isa = PBXFileReference; explicitFileType = archive.ar; includeInIndex = 0; path = "libPods-xenia.a"; sourceTree = BUILT_PRODUCTS_DIR; };
		81C723713430BFCF22C72423 /* Pods-xenia.release.xcconfig */ = {isa = PBXFileReference; includeInIndex = 1; lastKnownFileType = text.xcconfig; name = "Pods-xenia.release.xcconfig"; path = "Target Support Files/Pods-xenia/Pods-xenia.release.xcconfig"; sourceTree = "<group>"; };
		86DE0D8BFA3E40E498A82458 /* FontAwesome5_Brands.ttf */ = {isa = PBXFileReference; explicitFileType = undefined; fileEncoding = 9; includeInIndex = 0; lastKnownFileType = unknown; name = FontAwesome5_Brands.ttf; path = "../node_modules/react-native-vector-icons/Fonts/FontAwesome5_Brands.ttf"; sourceTree = "<group>"; };
		87C1C425ECA340A2988E8AB7 /* Nunito-Regular.ttf */ = {isa = PBXFileReference; explicitFileType = undefined; fileEncoding = 9; includeInIndex = 0; lastKnownFileType = unknown; name = "Nunito-Regular.ttf"; path = "../node_modules/react-native-vector-icons/Fonts/Nunito-Regular.ttf"; sourceTree = "<group>"; };
		89E445B502514394AA6C095A /* Nunito-Bold.ttf */ = {isa = PBXFileReference; explicitFileType = undefined; fileEncoding = 9; includeInIndex = 0; lastKnownFileType = unknown; name = "Nunito-Bold.ttf"; path = "../node_modules/react-native-vector-icons/Fonts/Nunito-Bold.ttf"; sourceTree = "<group>"; };
		8BF22FB6A8324904BEDB2FBE /* Octicons.ttf */ = {isa = PBXFileReference; explicitFileType = undefined; fileEncoding = 9; includeInIndex = 0; lastKnownFileType = unknown; name = Octicons.ttf; path = "../node_modules/react-native-vector-icons/Fonts/Octicons.ttf"; sourceTree = "<group>"; };
		8BF5D35338B745FABC9D4C86 /* EvilIcons.ttf */ = {isa = PBXFileReference; explicitFileType = undefined; fileEncoding = 9; includeInIndex = 0; lastKnownFileType = unknown; name = EvilIcons.ttf; path = "../node_modules/react-native-vector-icons/Fonts/EvilIcons.ttf"; sourceTree = "<group>"; };
		9574941BB2FA4E53AB35E267 /* FontAwesome.ttf */ = {isa = PBXFileReference; explicitFileType = undefined; fileEncoding = 9; includeInIndex = 0; lastKnownFileType = unknown; name = FontAwesome.ttf; path = "../node_modules/react-native-vector-icons/Fonts/FontAwesome.ttf"; sourceTree = "<group>"; };
		9F98C295782E46ADBE5FA707 /* Zocial.ttf */ = {isa = PBXFileReference; explicitFileType = undefined; fileEncoding = 9; includeInIndex = 0; lastKnownFileType = unknown; name = Zocial.ttf; path = "../node_modules/react-native-vector-icons/Fonts/Zocial.ttf"; sourceTree = "<group>"; };
		A00A4D5F846B4A5BB635779C /* Feather.ttf */ = {isa = PBXFileReference; explicitFileType = undefined; fileEncoding = 9; includeInIndex = 0; lastKnownFileType = unknown; name = Feather.ttf; path = "../node_modules/react-native-vector-icons/Fonts/Feather.ttf"; sourceTree = "<group>"; };
		B13352DB8F46BBC92BD5D4FD /* libPods-xenia-tvOS-xenia-tvOSTests.a */ = {isa = PBXFileReference; explicitFileType = archive.ar; includeInIndex = 0; path = "libPods-xenia-tvOS-xenia-tvOSTests.a"; sourceTree = BUILT_PRODUCTS_DIR; };
		C12621717F644A8DB7952522 /* Nunito-ExtraBold.ttf */ = {isa = PBXFileReference; explicitFileType = undefined; fileEncoding = 9; includeInIndex = 0; lastKnownFileType = unknown; name = "Nunito-ExtraBold.ttf"; path = "../node_modules/react-native-vector-icons/Fonts/Nunito-ExtraBold.ttf"; sourceTree = "<group>"; };
		CD55185C6DE84276B6764602 /* Foundation.ttf */ = {isa = PBXFileReference; explicitFileType = undefined; fileEncoding = 9; includeInIndex = 0; lastKnownFileType = unknown; name = Foundation.ttf; path = "../node_modules/react-native-vector-icons/Fonts/Foundation.ttf"; sourceTree = "<group>"; };
		CE5B76771DA84207983D80B4 /* Madina.ttf */ = {isa = PBXFileReference; explicitFileType = undefined; fileEncoding = 9; includeInIndex = 0; lastKnownFileType = unknown; name = Madina.ttf; path = "../node_modules/react-native-vector-icons/Fonts/Madina.ttf"; sourceTree = "<group>"; };
		DFFF5230DB38821E3D448406 /* libPods-xenia-tvOS.a */ = {isa = PBXFileReference; explicitFileType = archive.ar; includeInIndex = 0; path = "libPods-xenia-tvOS.a"; sourceTree = BUILT_PRODUCTS_DIR; };
		E3BAC2327A11C1C3687C2E53 /* Pods-xenia-tvOS.debug.xcconfig */ = {isa = PBXFileReference; includeInIndex = 1; lastKnownFileType = text.xcconfig; name = "Pods-xenia-tvOS.debug.xcconfig"; path = "Target Support Files/Pods-xenia-tvOS/Pods-xenia-tvOS.debug.xcconfig"; sourceTree = "<group>"; };
		ED297162215061F000B7C4FE /* JavaScriptCore.framework */ = {isa = PBXFileReference; lastKnownFileType = wrapper.framework; name = JavaScriptCore.framework; path = System/Library/Frameworks/JavaScriptCore.framework; sourceTree = SDKROOT; };
		ED2971642150620600B7C4FE /* JavaScriptCore.framework */ = {isa = PBXFileReference; lastKnownFileType = wrapper.framework; name = JavaScriptCore.framework; path = Platforms/AppleTVOS.platform/Developer/SDKs/AppleTVOS12.0.sdk/System/Library/Frameworks/JavaScriptCore.framework; sourceTree = DEVELOPER_DIR; };
		F027B0941C25D510945097EC /* Pods-xenia-tvOS-xenia-tvOSTests.release.xcconfig */ = {isa = PBXFileReference; includeInIndex = 1; lastKnownFileType = text.xcconfig; name = "Pods-xenia-tvOS-xenia-tvOSTests.release.xcconfig"; path = "Target Support Files/Pods-xenia-tvOS-xenia-tvOSTests/Pods-xenia-tvOS-xenia-tvOSTests.release.xcconfig"; sourceTree = "<group>"; };
		F1EE45E7D9109329F5D5B6E2 /* Pods-xeniaTests.release.xcconfig */ = {isa = PBXFileReference; includeInIndex = 1; lastKnownFileType = text.xcconfig; name = "Pods-xeniaTests.release.xcconfig"; path = "Target Support Files/Pods-xeniaTests/Pods-xeniaTests.release.xcconfig"; sourceTree = "<group>"; };
		F3C3869694C44FC9B6FDDCDA /* SimpleLineIcons.ttf */ = {isa = PBXFileReference; explicitFileType = undefined; fileEncoding = 9; includeInIndex = 0; lastKnownFileType = unknown; name = SimpleLineIcons.ttf; path = "../node_modules/react-native-vector-icons/Fonts/SimpleLineIcons.ttf"; sourceTree = "<group>"; };
		F7C8459130F748D3AF9DADD3 /* Ionicons.ttf */ = {isa = PBXFileReference; explicitFileType = undefined; fileEncoding = 9; includeInIndex = 0; lastKnownFileType = unknown; name = Ionicons.ttf; path = "../node_modules/react-native-vector-icons/Fonts/Ionicons.ttf"; sourceTree = "<group>"; };
		FDF39C2C376744AEAC35D143 /* Entypo.ttf */ = {isa = PBXFileReference; explicitFileType = undefined; fileEncoding = 9; includeInIndex = 0; lastKnownFileType = unknown; name = Entypo.ttf; path = "../node_modules/react-native-vector-icons/Fonts/Entypo.ttf"; sourceTree = "<group>"; };
/* End PBXFileReference section */

/* Begin PBXFrameworksBuildPhase section */
		00E356EB1AD99517003FC87E /* Frameworks */ = {
			isa = PBXFrameworksBuildPhase;
			buildActionMask = 2147483647;
			files = (
				33603F4F7A5C5F9DBB1F031B /* libPods-xeniaTests.a in Frameworks */,
			);
			runOnlyForDeploymentPostprocessing = 0;
		};
		13B07F8C1A680F5B00A75B9A /* Frameworks */ = {
			isa = PBXFrameworksBuildPhase;
			buildActionMask = 2147483647;
			files = (
				18E06B79270726A000B62337 /* libRNTextGradientView.a in Frameworks */,
				1863553E24233E360097D618 /* libGoogle-Maps-iOS-Utils.a in Frameworks */,
				1863554A242359310097D618 /* MapKit.framework in Frameworks */,
				1863554224233E5B0097D618 /* libreact-native-google-maps.a in Frameworks */,
				1863554124233E5B0097D618 /* libreact-native-geolocation.a in Frameworks */,
				FC1DE3E8EBCCE5C814D42BEF /* libPods-xenia.a in Frameworks */,
			);
			runOnlyForDeploymentPostprocessing = 0;
		};
		2D02E4781E0B4A5D006451C7 /* Frameworks */ = {
			isa = PBXFrameworksBuildPhase;
			buildActionMask = 2147483647;
			files = (
				19C6A53D1240516839BC262B /* libPods-xenia-tvOS.a in Frameworks */,
			);
			runOnlyForDeploymentPostprocessing = 0;
		};
		2D02E48D1E0B4A5D006451C7 /* Frameworks */ = {
			isa = PBXFrameworksBuildPhase;
			buildActionMask = 2147483647;
			files = (
				0DC7BA6833EE3C021D812AEE /* libPods-xenia-tvOS-xenia-tvOSTests.a in Frameworks */,
			);
			runOnlyForDeploymentPostprocessing = 0;
		};
/* End PBXFrameworksBuildPhase section */

/* Begin PBXGroup section */
		00E356EF1AD99517003FC87E /* xeniaTests */ = {
			isa = PBXGroup;
			children = (
				00E356F21AD99517003FC87E /* xeniaTests.m */,
				00E356F01AD99517003FC87E /* Supporting Files */,
			);
			path = xeniaTests;
			sourceTree = "<group>";
		};
		00E356F01AD99517003FC87E /* Supporting Files */ = {
			isa = PBXGroup;
			children = (
				00E356F11AD99517003FC87E /* Info.plist */,
			);
			name = "Supporting Files";
			sourceTree = "<group>";
		};
		13B07FAE1A68108700A75B9A /* xenia */ = {
			isa = PBXGroup;
			children = (
				188A9F37261DE07A00D7B07E /* Fonts */,
				18F07C08249B8BE300C82393 /* xeniaRelease.entitlements */,
				1863554B2423599D0097D618 /* xenia.entitlements */,
				008F07F21AC5B25A0029DE68 /* main.jsbundle */,
				13B07FAF1A68108700A75B9A /* AppDelegate.h */,
				13B07FB01A68108700A75B9A /* AppDelegate.m */,
				13B07FB51A68108700A75B9A /* Images.xcassets */,
				13B07FB61A68108700A75B9A /* Info.plist */,
				13B07FB11A68108700A75B9A /* LaunchScreen.xib */,
				13B07FB71A68108700A75B9A /* main.m */,
				1878B30D2590CBD300B1E443 /* Resources */,
			);
			name = xenia;
			sourceTree = "<group>";
		};
		184771AA2422084C00DB513C /* Products */ = {
			isa = PBXGroup;
			children = (
				184771AE2422084C00DB513C /* libRNImagePicker.a */,
			);
			name = Products;
			sourceTree = "<group>";
		};
		186355442423496C0097D618 /* Products */ = {
			isa = PBXGroup;
			children = (
				186355482423496C0097D618 /* libAirMaps.a */,
			);
			name = Products;
			sourceTree = "<group>";
		};
		1878B30D2590CBD300B1E443 /* Resources */ = {
			isa = PBXGroup;
			children = (
				A00A4D5F846B4A5BB635779C /* Feather.ttf */,
				9574941BB2FA4E53AB35E267 /* FontAwesome.ttf */,
				F7C8459130F748D3AF9DADD3 /* Ionicons.ttf */,
				6D91B5C5E8034ABEA0F99B99 /* AntDesign.ttf */,
				FDF39C2C376744AEAC35D143 /* Entypo.ttf */,
				8BF5D35338B745FABC9D4C86 /* EvilIcons.ttf */,
				86DE0D8BFA3E40E498A82458 /* FontAwesome5_Brands.ttf */,
				59ED5E687EB249F7AD74DC96 /* FontAwesome5_Regular.ttf */,
				0EA51199D9B340C394FA3907 /* FontAwesome5_Solid.ttf */,
				35EA86C95C5945568940702B /* Fontisto.ttf */,
				CD55185C6DE84276B6764602 /* Foundation.ttf */,
				2B106599BAF04DAC8C33B3AA /* MaterialCommunityIcons.ttf */,
				4DB708C18E0A4F309D52C1E8 /* MaterialIcons.ttf */,
				8BF22FB6A8324904BEDB2FBE /* Octicons.ttf */,
				F3C3869694C44FC9B6FDDCDA /* SimpleLineIcons.ttf */,
				9F98C295782E46ADBE5FA707 /* Zocial.ttf */,
				41BD9D1C2A474D389D8664C4 /* Bellerose.ttf */,
				CE5B76771DA84207983D80B4 /* Madina.ttf */,
				89E445B502514394AA6C095A /* Nunito-Bold.ttf */,
				C12621717F644A8DB7952522 /* Nunito-ExtraBold.ttf */,
				87C1C425ECA340A2988E8AB7 /* Nunito-Regular.ttf */,
				3B4D540EF1F542A4811ACB9D /* Rumble Brave.otf */,
				1D16A28F1E3348D882F514EC /* SweetyStrawberry.ttf */,
				108FD944694B4A30B8F500FA /* Times Bold.ttf */,
				1C0675C83FD046A0B3410359 /* Times New Roman.ttf */,
			);
			name = Resources;
			sourceTree = "<group>";
		};
		188A9F37261DE07A00D7B07E /* Fonts */ = {
			isa = PBXGroup;
			children = (
				1878B34E2590CD4900B1E443 /* AntDesign.ttf */,
				1878B34F2590CD4900B1E443 /* Zocial.ttf */,
				1878B3462590CD4600B1E443 /* Bellerose.ttf */,
				1878B3492590CD4700B1E443 /* Entypo.ttf */,
				1878B3442590CD4500B1E443 /* EvilIcons.ttf */,
				1878B33C2590CD4300B1E443 /* Feather.ttf */,
				1878B3432590CD4500B1E443 /* FontAwesome.ttf */,
				1878B3482590CD4700B1E443 /* FontAwesome5_Brands.ttf */,
				1878B3422590CD4500B1E443 /* FontAwesome5_Regular.ttf */,
				1878B3412590CD4400B1E443 /* FontAwesome5_Solid.ttf */,
				1878B33F2590CD4400B1E443 /* Nunito-Regular.ttf */,
				1878B3472590CD4600B1E443 /* Octicons.ttf */,
				1878B3402590CD4400B1E443 /* Rumble Brave.otf */,
				1878B34A2590CD4800B1E443 /* SimpleLineIcons.ttf */,
				1878B33D2590CD4300B1E443 /* SweetyStrawberry.ttf */,
				1878B34D2590CD4900B1E443 /* Fontisto.ttf */,
				1878B3452590CD4600B1E443 /* MaterialCommunityIcons.ttf */,
				1878B34C2590CD4800B1E443 /* MaterialIcons.ttf */,
				1878B33E2590CD4300B1E443 /* Nunito-Bold.ttf */,
				1878B34B2590CD4800B1E443 /* Nunito-ExtraBold.ttf */,
			);
			name = Fonts;
			sourceTree = "<group>";
		};
		18ADB8F0249797F500F77798 /* Products */ = {
			isa = PBXGroup;
			children = (
				18ADB8F5249797F600F77798 /* libRNDocumentPicker.a */,
			);
			name = Products;
			sourceTree = "<group>";
		};
		2D16E6871FA4F8E400B85C8A /* Frameworks */ = {
			isa = PBXGroup;
			children = (
				18E06B78270726A000B62337 /* libRNTextGradientView.a */,
				18635549242359310097D618 /* MapKit.framework */,
				1863553F24233E5B0097D618 /* libreact-native-geolocation.a */,
				1863554024233E5B0097D618 /* libreact-native-google-maps.a */,
				1863553D24233E360097D618 /* libGoogle-Maps-iOS-Utils.a */,
				ED297162215061F000B7C4FE /* JavaScriptCore.framework */,
				ED2971642150620600B7C4FE /* JavaScriptCore.framework */,
				7F7D95D909DFAB6C1F95C6AB /* libPods-xenia.a */,
				DFFF5230DB38821E3D448406 /* libPods-xenia-tvOS.a */,
				B13352DB8F46BBC92BD5D4FD /* libPods-xenia-tvOS-xenia-tvOSTests.a */,
				268C8C39D965A50B9F524DD0 /* libPods-xeniaTests.a */,
			);
			name = Frameworks;
			sourceTree = "<group>";
		};
		81B0BC612ADABE478687D9D9 /* Pods */ = {
			isa = PBXGroup;
			children = (
				5115B9B1A465C5D2368B424C /* Pods-xenia.debug.xcconfig */,
				81C723713430BFCF22C72423 /* Pods-xenia.release.xcconfig */,
				E3BAC2327A11C1C3687C2E53 /* Pods-xenia-tvOS.debug.xcconfig */,
				273D8F0F683A2657A7AB8A61 /* Pods-xenia-tvOS.release.xcconfig */,
				1D08A36F408857A3387DBDAD /* Pods-xenia-tvOS-xenia-tvOSTests.debug.xcconfig */,
				F027B0941C25D510945097EC /* Pods-xenia-tvOS-xenia-tvOSTests.release.xcconfig */,
				4EECBD112BE8318DFE32611E /* Pods-xeniaTests.debug.xcconfig */,
				F1EE45E7D9109329F5D5B6E2 /* Pods-xeniaTests.release.xcconfig */,
			);
			path = Pods;
			sourceTree = "<group>";
		};
		832341AE1AAA6A7D00B99B32 /* Libraries */ = {
			isa = PBXGroup;
			children = (
				18E06B732707262E00B62337 /* RNTextGradientView.podspec */,
			);
			name = Libraries;
			sourceTree = "<group>";
		};
		83CBB9F61A601CBA00E9B192 = {
			isa = PBXGroup;
			children = (
				187EAAAF26D7B7C40069EE5D /* happy_bday.mp3 */,
				18FA8E22259073BF00376327 /* GoogleService-Info.plist */,
				1876724C258C721700ED9AA8 /* File.swift */,
				18ADB8EF249797F500F77798 /* RNDocumentPicker.xcodeproj */,
				186355432423496C0097D618 /* AirMaps.xcodeproj */,
				184771A92422084C00DB513C /* RNImagePicker.xcodeproj */,
				13B07FAE1A68108700A75B9A /* xenia */,
				832341AE1AAA6A7D00B99B32 /* Libraries */,
				00E356EF1AD99517003FC87E /* xeniaTests */,
				83CBBA001A601CBA00E9B192 /* Products */,
				2D16E6871FA4F8E400B85C8A /* Frameworks */,
				81B0BC612ADABE478687D9D9 /* Pods */,
				CA40BB3C643644E595A7C5BD /* Resources */,
			);
			indentWidth = 2;
			sourceTree = "<group>";
			tabWidth = 2;
			usesTabs = 0;
		};
		83CBBA001A601CBA00E9B192 /* Products */ = {
			isa = PBXGroup;
			children = (
				13B07F961A680F5B00A75B9A /* xenia.app */,
				00E356EE1AD99517003FC87E /* xeniaTests.xctest */,
				2D02E47B1E0B4A5D006451C7 /* xenia-tvOS.app */,
				2D02E4901E0B4A5D006451C7 /* xenia-tvOSTests.xctest */,
			);
			name = Products;
			sourceTree = "<group>";
		};
		CA40BB3C643644E595A7C5BD /* Resources */ = {
			isa = PBXGroup;
			children = (
			);
			name = Resources;
			sourceTree = "<group>";
		};
/* End PBXGroup section */

/* Begin PBXNativeTarget section */
		00E356ED1AD99517003FC87E /* xeniaTests */ = {
			isa = PBXNativeTarget;
			buildConfigurationList = 00E357021AD99517003FC87E /* Build configuration list for PBXNativeTarget "xeniaTests" */;
			buildPhases = (
				AE7204138364C9A3EF46380D /* [CP] Check Pods Manifest.lock */,
				00E356EA1AD99517003FC87E /* Sources */,
				00E356EB1AD99517003FC87E /* Frameworks */,
				00E356EC1AD99517003FC87E /* Resources */,
				4A47F2913D0A0A7E7FB6ED15 /* [CP] Copy Pods Resources */,
			);
			buildRules = (
			);
			dependencies = (
				00E356F51AD99517003FC87E /* PBXTargetDependency */,
			);
			name = xeniaTests;
			productName = xeniaTests;
			productReference = 00E356EE1AD99517003FC87E /* xeniaTests.xctest */;
			productType = "com.apple.product-type.bundle.unit-test";
		};
		13B07F861A680F5B00A75B9A /* xenia */ = {
			isa = PBXNativeTarget;
			buildConfigurationList = 13B07F931A680F5B00A75B9A /* Build configuration list for PBXNativeTarget "xenia" */;
			buildPhases = (
				D756FC650A592C2A5CC092E8 /* [CP] Check Pods Manifest.lock */,
				FD10A7F022414F080027D42C /* Start Packager */,
				13B07F871A680F5B00A75B9A /* Sources */,
				13B07F8C1A680F5B00A75B9A /* Frameworks */,
				13B07F8E1A680F5B00A75B9A /* Resources */,
				00DD1BFF1BD5951E006B06BC /* Bundle React Native code and images */,
				2BA32ADA7A08808AA12DA5D2 /* [CP] Copy Pods Resources */,
				C0B409DB7A79FB6A15BF1233 /* [CP-User] [RNFB] Core Configuration */,
			);
			buildRules = (
			);
			dependencies = (
			);
			name = xenia;
			productName = xenia;
			productReference = 13B07F961A680F5B00A75B9A /* xenia.app */;
			productType = "com.apple.product-type.application";
		};
		2D02E47A1E0B4A5D006451C7 /* xenia-tvOS */ = {
			isa = PBXNativeTarget;
			buildConfigurationList = 2D02E4BA1E0B4A5E006451C7 /* Build configuration list for PBXNativeTarget "xenia-tvOS" */;
			buildPhases = (
				C70BB912D7EC2C7E2E1D9EA7 /* [CP] Check Pods Manifest.lock */,
				FD10A7F122414F3F0027D42C /* Start Packager */,
				2D02E4771E0B4A5D006451C7 /* Sources */,
				2D02E4781E0B4A5D006451C7 /* Frameworks */,
				2D02E4791E0B4A5D006451C7 /* Resources */,
				2D02E4CB1E0B4B27006451C7 /* Bundle React Native Code And Images */,
			);
			buildRules = (
			);
			dependencies = (
			);
			name = "xenia-tvOS";
			productName = "xenia-tvOS";
			productReference = 2D02E47B1E0B4A5D006451C7 /* xenia-tvOS.app */;
			productType = "com.apple.product-type.application";
		};
		2D02E48F1E0B4A5D006451C7 /* xenia-tvOSTests */ = {
			isa = PBXNativeTarget;
			buildConfigurationList = 2D02E4BB1E0B4A5E006451C7 /* Build configuration list for PBXNativeTarget "xenia-tvOSTests" */;
			buildPhases = (
				F41170BDC5E099663D75A746 /* [CP] Check Pods Manifest.lock */,
				2D02E48C1E0B4A5D006451C7 /* Sources */,
				2D02E48D1E0B4A5D006451C7 /* Frameworks */,
				2D02E48E1E0B4A5D006451C7 /* Resources */,
			);
			buildRules = (
			);
			dependencies = (
				2D02E4921E0B4A5D006451C7 /* PBXTargetDependency */,
			);
			name = "xenia-tvOSTests";
			productName = "xenia-tvOSTests";
			productReference = 2D02E4901E0B4A5D006451C7 /* xenia-tvOSTests.xctest */;
			productType = "com.apple.product-type.bundle.unit-test";
		};
/* End PBXNativeTarget section */

/* Begin PBXProject section */
		83CBB9F71A601CBA00E9B192 /* Project object */ = {
			isa = PBXProject;
			attributes = {
				LastUpgradeCheck = 1130;
				ORGANIZATIONNAME = Facebook;
				TargetAttributes = {
					00E356ED1AD99517003FC87E = {
						CreatedOnToolsVersion = 6.2;
						DevelopmentTeam = B8C2TM7Z8Y;
						TestTargetID = 13B07F861A680F5B00A75B9A;
					};
					13B07F861A680F5B00A75B9A = {
						DevelopmentTeam = B8C2TM7Z8Y;
						ProvisioningStyle = Automatic;
					};
					2D02E47A1E0B4A5D006451C7 = {
						CreatedOnToolsVersion = 8.2.1;
						DevelopmentTeam = J5TH8MWDSV;
						ProvisioningStyle = Automatic;
					};
					2D02E48F1E0B4A5D006451C7 = {
						CreatedOnToolsVersion = 8.2.1;
						ProvisioningStyle = Automatic;
						TestTargetID = 2D02E47A1E0B4A5D006451C7;
					};
				};
			};
			buildConfigurationList = 83CBB9FA1A601CBA00E9B192 /* Build configuration list for PBXProject "xenia" */;
			compatibilityVersion = "Xcode 3.2";
			developmentRegion = en;
			hasScannedForEncodings = 0;
			knownRegions = (
				en,
				Base,
			);
			mainGroup = 83CBB9F61A601CBA00E9B192;
			productRefGroup = 83CBBA001A601CBA00E9B192 /* Products */;
			projectDirPath = "";
			projectReferences = (
				{
					ProductGroup = 186355442423496C0097D618 /* Products */;
					ProjectRef = 186355432423496C0097D618 /* AirMaps.xcodeproj */;
				},
				{
					ProductGroup = 18ADB8F0249797F500F77798 /* Products */;
					ProjectRef = 18ADB8EF249797F500F77798 /* RNDocumentPicker.xcodeproj */;
				},
				{
					ProductGroup = 184771AA2422084C00DB513C /* Products */;
					ProjectRef = 184771A92422084C00DB513C /* RNImagePicker.xcodeproj */;
				},
			);
			projectRoot = "";
			targets = (
				13B07F861A680F5B00A75B9A /* xenia */,
				00E356ED1AD99517003FC87E /* xeniaTests */,
				2D02E47A1E0B4A5D006451C7 /* xenia-tvOS */,
				2D02E48F1E0B4A5D006451C7 /* xenia-tvOSTests */,
			);
		};
/* End PBXProject section */

/* Begin PBXReferenceProxy section */
		184771AE2422084C00DB513C /* libRNImagePicker.a */ = {
			isa = PBXReferenceProxy;
			fileType = archive.ar;
			path = libRNImagePicker.a;
			remoteRef = 184771AD2422084C00DB513C /* PBXContainerItemProxy */;
			sourceTree = BUILT_PRODUCTS_DIR;
		};
		186355482423496C0097D618 /* libAirMaps.a */ = {
			isa = PBXReferenceProxy;
			fileType = archive.ar;
			path = libAirMaps.a;
			remoteRef = 186355472423496C0097D618 /* PBXContainerItemProxy */;
			sourceTree = BUILT_PRODUCTS_DIR;
		};
		18ADB8F5249797F600F77798 /* libRNDocumentPicker.a */ = {
			isa = PBXReferenceProxy;
			fileType = archive.ar;
			path = libRNDocumentPicker.a;
			remoteRef = 18ADB8F4249797F600F77798 /* PBXContainerItemProxy */;
			sourceTree = BUILT_PRODUCTS_DIR;
		};
/* End PBXReferenceProxy section */

/* Begin PBXResourcesBuildPhase section */
		00E356EC1AD99517003FC87E /* Resources */ = {
			isa = PBXResourcesBuildPhase;
			buildActionMask = 2147483647;
			files = (
			);
			runOnlyForDeploymentPostprocessing = 0;
		};
		13B07F8E1A680F5B00A75B9A /* Resources */ = {
			isa = PBXResourcesBuildPhase;
			buildActionMask = 2147483647;
			files = (
				181C925B2593006B0028E871 /* GoogleService-Info.plist in Resources */,
				1878B3532590CD4900B1E443 /* Nunito-Regular.ttf in Resources */,
				1878B3582590CD4900B1E443 /* EvilIcons.ttf in Resources */,
				1878B3612590CD4900B1E443 /* Fontisto.ttf in Resources */,
				1878B3572590CD4900B1E443 /* FontAwesome.ttf in Resources */,
				1878B35F2590CD4900B1E443 /* Nunito-ExtraBold.ttf in Resources */,
				1878B3602590CD4900B1E443 /* MaterialIcons.ttf in Resources */,
				1878B3632590CD4900B1E443 /* Zocial.ttf in Resources */,
				1878B3552590CD4900B1E443 /* FontAwesome5_Solid.ttf in Resources */,
				1878B3542590CD4900B1E443 /* Rumble Brave.otf in Resources */,
				1878B35D2590CD4900B1E443 /* Entypo.ttf in Resources */,
				1878B3622590CD4900B1E443 /* AntDesign.ttf in Resources */,
				13B07FBF1A68108700A75B9A /* Images.xcassets in Resources */,
				1878B3522590CD4900B1E443 /* Nunito-Bold.ttf in Resources */,
				1878B35A2590CD4900B1E443 /* Bellerose.ttf in Resources */,
				1878B35E2590CD4900B1E443 /* SimpleLineIcons.ttf in Resources */,
				13B07FBD1A68108700A75B9A /* LaunchScreen.xib in Resources */,
				1878B35C2590CD4900B1E443 /* FontAwesome5_Brands.ttf in Resources */,
				1878B3562590CD4900B1E443 /* FontAwesome5_Regular.ttf in Resources */,
				1878B35B2590CD4900B1E443 /* Octicons.ttf in Resources */,
				1878B3512590CD4900B1E443 /* SweetyStrawberry.ttf in Resources */,
				1878B3592590CD4900B1E443 /* MaterialCommunityIcons.ttf in Resources */,
				1878B3502590CD4900B1E443 /* Feather.ttf in Resources */,
				832F720752F149EFA140AB2B /* Feather.ttf in Resources */,
				5131CC13D2AC4866A0A76310 /* FontAwesome.ttf in Resources */,
				C8603448C3CA40519A3896F1 /* Ionicons.ttf in Resources */,
				17465BE4D3C94427A7C81168 /* AntDesign.ttf in Resources */,
				8A046984BB024CCFB2647187 /* Entypo.ttf in Resources */,
				51E4B8D60DD94CCFA8D0CAC1 /* EvilIcons.ttf in Resources */,
				6EEFAE6A208544C8AE950845 /* FontAwesome5_Brands.ttf in Resources */,
				F38B600C61714A6C9C63B464 /* FontAwesome5_Regular.ttf in Resources */,
				F3C5F4C61A894244BCD99EC4 /* FontAwesome5_Solid.ttf in Resources */,
				3B5FA29210C24AA8807E4C4B /* Fontisto.ttf in Resources */,
				10228B25FE9C4F8491A3BBB1 /* Foundation.ttf in Resources */,
				49E64A6D7A254AFDB5A72A35 /* MaterialCommunityIcons.ttf in Resources */,
				94E2A247740A4C9C85283F3A /* MaterialIcons.ttf in Resources */,
				F295C40D61E44D8FA0A2E3CA /* Octicons.ttf in Resources */,
				CFC1D6DE8AD44B998F31E56B /* SimpleLineIcons.ttf in Resources */,
				6563F7BAAC6F435ABB5D51DF /* Zocial.ttf in Resources */,
				149798211B9149F19B625CF5 /* Bellerose.ttf in Resources */,
				439435B60BD44507BE522FDE /* Madina.ttf in Resources */,
				27A92DED398E4B6B9E9CFF9E /* Nunito-Bold.ttf in Resources */,
				18E06B772707262E00B62337 /* RNTextGradientView.podspec in Resources */,
				A775076C29554E6F9C18AB27 /* Nunito-ExtraBold.ttf in Resources */,
				719924B70E28446C87A0F4F6 /* Nunito-Regular.ttf in Resources */,
				2BC961C708E7487ABF1D979A /* Rumble Brave.otf in Resources */,
				E149628F2AB74EB699348C4F /* SweetyStrawberry.ttf in Resources */,
				925D0318A83E40A1A490D3B3 /* Times Bold.ttf in Resources */,
				9D74A2AC93D4499FA8A79863 /* Times New Roman.ttf in Resources */,
				187EAAB026D7B7C40069EE5D /* happy_bday.mp3 in Resources */,
			);
			runOnlyForDeploymentPostprocessing = 0;
		};
		2D02E4791E0B4A5D006451C7 /* Resources */ = {
			isa = PBXResourcesBuildPhase;
			buildActionMask = 2147483647;
			files = (
				2D02E4BD1E0B4A84006451C7 /* Images.xcassets in Resources */,
			);
			runOnlyForDeploymentPostprocessing = 0;
		};
		2D02E48E1E0B4A5D006451C7 /* Resources */ = {
			isa = PBXResourcesBuildPhase;
			buildActionMask = 2147483647;
			files = (
			);
			runOnlyForDeploymentPostprocessing = 0;
		};
/* End PBXResourcesBuildPhase section */

/* Begin PBXShellScriptBuildPhase section */
		00DD1BFF1BD5951E006B06BC /* Bundle React Native code and images */ = {
			isa = PBXShellScriptBuildPhase;
			buildActionMask = 2147483647;
			files = (
			);
			inputPaths = (
			);
			name = "Bundle React Native code and images";
			outputPaths = (
			);
			runOnlyForDeploymentPostprocessing = 0;
			shellPath = /bin/sh;
			shellScript = "export NODE_BINARY=node\n../node_modules/react-native/scripts/react-native-xcode.sh";
		};
		2BA32ADA7A08808AA12DA5D2 /* [CP] Copy Pods Resources */ = {
			isa = PBXShellScriptBuildPhase;
			buildActionMask = 2147483647;
			files = (
			);
			inputPaths = (
				"${PODS_ROOT}/Target Support Files/Pods-xenia/Pods-xenia-resources.sh",
				"${PODS_ROOT}/GoogleMaps/Maps/Frameworks/GoogleMaps.framework/Resources/GoogleMaps.bundle",
				"${PODS_CONFIGURATION_BUILD_DIR}/RNImageCropPicker/QBImagePicker.bundle",
				"${PODS_ROOT}/../../node_modules/react-native-vector-icons/Fonts/AntDesign.ttf",
				"${PODS_ROOT}/../../node_modules/react-native-vector-icons/Fonts/Entypo.ttf",
				"${PODS_ROOT}/../../node_modules/react-native-vector-icons/Fonts/EvilIcons.ttf",
				"${PODS_ROOT}/../../node_modules/react-native-vector-icons/Fonts/Feather.ttf",
				"${PODS_ROOT}/../../node_modules/react-native-vector-icons/Fonts/FontAwesome.ttf",
				"${PODS_ROOT}/../../node_modules/react-native-vector-icons/Fonts/FontAwesome5_Brands.ttf",
				"${PODS_ROOT}/../../node_modules/react-native-vector-icons/Fonts/FontAwesome5_Regular.ttf",
				"${PODS_ROOT}/../../node_modules/react-native-vector-icons/Fonts/FontAwesome5_Solid.ttf",
				"${PODS_ROOT}/../../node_modules/react-native-vector-icons/Fonts/Fontisto.ttf",
				"${PODS_ROOT}/../../node_modules/react-native-vector-icons/Fonts/Foundation.ttf",
				"${PODS_ROOT}/../../node_modules/react-native-vector-icons/Fonts/Ionicons.ttf",
				"${PODS_ROOT}/../../node_modules/react-native-vector-icons/Fonts/MaterialCommunityIcons.ttf",
				"${PODS_ROOT}/../../node_modules/react-native-vector-icons/Fonts/MaterialIcons.ttf",
				"${PODS_ROOT}/../../node_modules/react-native-vector-icons/Fonts/Octicons.ttf",
				"${PODS_ROOT}/../../node_modules/react-native-vector-icons/Fonts/SimpleLineIcons.ttf",
				"${PODS_ROOT}/../../node_modules/react-native-vector-icons/Fonts/Zocial.ttf",
				"${PODS_CONFIGURATION_BUILD_DIR}/React-Core/AccessibilityResources.bundle",
				"${PODS_CONFIGURATION_BUILD_DIR}/TOCropViewController/TOCropViewControllerBundle.bundle",
			);
			name = "[CP] Copy Pods Resources";
			outputPaths = (
				"${TARGET_BUILD_DIR}/${UNLOCALIZED_RESOURCES_FOLDER_PATH}/GoogleMaps.bundle",
				"${TARGET_BUILD_DIR}/${UNLOCALIZED_RESOURCES_FOLDER_PATH}/QBImagePicker.bundle",
				"${TARGET_BUILD_DIR}/${UNLOCALIZED_RESOURCES_FOLDER_PATH}/AntDesign.ttf",
				"${TARGET_BUILD_DIR}/${UNLOCALIZED_RESOURCES_FOLDER_PATH}/Entypo.ttf",
				"${TARGET_BUILD_DIR}/${UNLOCALIZED_RESOURCES_FOLDER_PATH}/EvilIcons.ttf",
				"${TARGET_BUILD_DIR}/${UNLOCALIZED_RESOURCES_FOLDER_PATH}/Feather.ttf",
				"${TARGET_BUILD_DIR}/${UNLOCALIZED_RESOURCES_FOLDER_PATH}/FontAwesome.ttf",
				"${TARGET_BUILD_DIR}/${UNLOCALIZED_RESOURCES_FOLDER_PATH}/FontAwesome5_Brands.ttf",
				"${TARGET_BUILD_DIR}/${UNLOCALIZED_RESOURCES_FOLDER_PATH}/FontAwesome5_Regular.ttf",
				"${TARGET_BUILD_DIR}/${UNLOCALIZED_RESOURCES_FOLDER_PATH}/FontAwesome5_Solid.ttf",
				"${TARGET_BUILD_DIR}/${UNLOCALIZED_RESOURCES_FOLDER_PATH}/Fontisto.ttf",
				"${TARGET_BUILD_DIR}/${UNLOCALIZED_RESOURCES_FOLDER_PATH}/Foundation.ttf",
				"${TARGET_BUILD_DIR}/${UNLOCALIZED_RESOURCES_FOLDER_PATH}/Ionicons.ttf",
				"${TARGET_BUILD_DIR}/${UNLOCALIZED_RESOURCES_FOLDER_PATH}/MaterialCommunityIcons.ttf",
				"${TARGET_BUILD_DIR}/${UNLOCALIZED_RESOURCES_FOLDER_PATH}/MaterialIcons.ttf",
				"${TARGET_BUILD_DIR}/${UNLOCALIZED_RESOURCES_FOLDER_PATH}/Octicons.ttf",
				"${TARGET_BUILD_DIR}/${UNLOCALIZED_RESOURCES_FOLDER_PATH}/SimpleLineIcons.ttf",
				"${TARGET_BUILD_DIR}/${UNLOCALIZED_RESOURCES_FOLDER_PATH}/Zocial.ttf",
				"${TARGET_BUILD_DIR}/${UNLOCALIZED_RESOURCES_FOLDER_PATH}/AccessibilityResources.bundle",
				"${TARGET_BUILD_DIR}/${UNLOCALIZED_RESOURCES_FOLDER_PATH}/TOCropViewControllerBundle.bundle",
			);
			runOnlyForDeploymentPostprocessing = 0;
			shellPath = /bin/sh;
			shellScript = "\"${PODS_ROOT}/Target Support Files/Pods-xenia/Pods-xenia-resources.sh\"\n";
			showEnvVarsInLog = 0;
		};
		2D02E4CB1E0B4B27006451C7 /* Bundle React Native Code And Images */ = {
			isa = PBXShellScriptBuildPhase;
			buildActionMask = 2147483647;
			files = (
			);
			inputPaths = (
			);
			name = "Bundle React Native Code And Images";
			outputPaths = (
			);
			runOnlyForDeploymentPostprocessing = 0;
			shellPath = /bin/sh;
			shellScript = "export NODE_BINARY=node\n../node_modules/react-native/scripts/react-native-xcode.sh";
		};
		4A47F2913D0A0A7E7FB6ED15 /* [CP] Copy Pods Resources */ = {
			isa = PBXShellScriptBuildPhase;
			buildActionMask = 2147483647;
			files = (
			);
			inputPaths = (
				"${PODS_ROOT}/Target Support Files/Pods-xeniaTests/Pods-xeniaTests-resources.sh",
				"${PODS_ROOT}/GoogleMaps/Maps/Frameworks/GoogleMaps.framework/Resources/GoogleMaps.bundle",
				"${PODS_ROOT}/GooglePlaces/Frameworks/GooglePlaces.framework/Resources/GooglePlaces.bundle",
			);
			name = "[CP] Copy Pods Resources";
			outputPaths = (
				"${TARGET_BUILD_DIR}/${UNLOCALIZED_RESOURCES_FOLDER_PATH}/GoogleMaps.bundle",
				"${TARGET_BUILD_DIR}/${UNLOCALIZED_RESOURCES_FOLDER_PATH}/GooglePlaces.bundle",
			);
			runOnlyForDeploymentPostprocessing = 0;
			shellPath = /bin/sh;
			shellScript = "\"${PODS_ROOT}/Target Support Files/Pods-xeniaTests/Pods-xeniaTests-resources.sh\"\n";
			showEnvVarsInLog = 0;
		};
		AE7204138364C9A3EF46380D /* [CP] Check Pods Manifest.lock */ = {
			isa = PBXShellScriptBuildPhase;
			buildActionMask = 2147483647;
			files = (
			);
			inputFileListPaths = (
			);
			inputPaths = (
				"${PODS_PODFILE_DIR_PATH}/Podfile.lock",
				"${PODS_ROOT}/Manifest.lock",
			);
			name = "[CP] Check Pods Manifest.lock";
			outputFileListPaths = (
			);
			outputPaths = (
				"$(DERIVED_FILE_DIR)/Pods-xeniaTests-checkManifestLockResult.txt",
			);
			runOnlyForDeploymentPostprocessing = 0;
			shellPath = /bin/sh;
			shellScript = "diff \"${PODS_PODFILE_DIR_PATH}/Podfile.lock\" \"${PODS_ROOT}/Manifest.lock\" > /dev/null\nif [ $? != 0 ] ; then\n    # print error to STDERR\n    echo \"error: The sandbox is not in sync with the Podfile.lock. Run 'pod install' or update your CocoaPods installation.\" >&2\n    exit 1\nfi\n# This output is used by Xcode 'outputs' to avoid re-running this script phase.\necho \"SUCCESS\" > \"${SCRIPT_OUTPUT_FILE_0}\"\n";
			showEnvVarsInLog = 0;
		};
		C0B409DB7A79FB6A15BF1233 /* [CP-User] [RNFB] Core Configuration */ = {
			isa = PBXShellScriptBuildPhase;
			buildActionMask = 2147483647;
			files = (
			);
			inputPaths = (
				"$(BUILT_PRODUCTS_DIR)/$(INFOPLIST_PATH)",
			);
			name = "[CP-User] [RNFB] Core Configuration";
			runOnlyForDeploymentPostprocessing = 0;
			shellPath = /bin/sh;
			shellScript = "#!/usr/bin/env bash\n#\n# Copyright (c) 2016-present Invertase Limited & Contributors\n#\n# Licensed under the Apache License, Version 2.0 (the \"License\");\n# you may not use this library except in compliance with the License.\n# You may obtain a copy of the License at\n#\n#   http://www.apache.org/licenses/LICENSE-2.0\n#\n# Unless required by applicable law or agreed to in writing, software\n# distributed under the License is distributed on an \"AS IS\" BASIS,\n# WITHOUT WARRANTIES OR CONDITIONS OF ANY KIND, either express or implied.\n# See the License for the specific language governing permissions and\n# limitations under the License.\n#\nset -e\n\n_MAX_LOOKUPS=2;\n_SEARCH_RESULT=''\n_RN_ROOT_EXISTS=''\n_CURRENT_LOOKUPS=1\n_JSON_ROOT=\"'react-native'\"\n_JSON_FILE_NAME='firebase.json'\n_JSON_OUTPUT_BASE64='e30=' # { }\n_CURRENT_SEARCH_DIR=${PROJECT_DIR}\n_PLIST_BUDDY=/usr/libexec/PlistBuddy\n_TARGET_PLIST=\"${BUILT_PRODUCTS_DIR}/${INFOPLIST_PATH}\"\n_DSYM_PLIST=\"${DWARF_DSYM_FOLDER_PATH}/${DWARF_DSYM_FILE_NAME}/Contents/Info.plist\"\n\n# plist arrays\n_PLIST_ENTRY_KEYS=()\n_PLIST_ENTRY_TYPES=()\n_PLIST_ENTRY_VALUES=()\n\nfunction setPlistValue {\n  echo \"info:      setting plist entry '$1' of type '$2' in file '$4'\"\n  ${_PLIST_BUDDY} -c \"Add :$1 $2 '$3'\" $4 || echo \"info:      '$1' already exists\"\n}\n\nfunction getFirebaseJsonKeyValue () {\n  if [[ ${_RN_ROOT_EXISTS} ]]; then\n    ruby -e \"require 'rubygems';require 'json'; output=JSON.parse('$1'); puts output[$_JSON_ROOT]['$2']\"\n  else\n    echo \"\"\n  fi;\n}\n\nfunction jsonBoolToYesNo () {\n  if [[ $1 == \"false\" ]]; then\n    echo \"NO\"\n  elif [[ $1 == \"true\" ]]; then\n    echo \"YES\"\n  else echo \"NO\"\n  fi\n}\n\necho \"info: -> RNFB build script started\"\necho \"info: 1) Locating ${_JSON_FILE_NAME} file:\"\n\nif [[ -z ${_CURRENT_SEARCH_DIR} ]]; then\n  _CURRENT_SEARCH_DIR=$(pwd)\nfi;\n\nwhile true; do\n  _CURRENT_SEARCH_DIR=$(dirname \"$_CURRENT_SEARCH_DIR\")\n  if [[ \"$_CURRENT_SEARCH_DIR\" == \"/\" ]] || [[ ${_CURRENT_LOOKUPS} -gt ${_MAX_LOOKUPS} ]]; then break; fi;\n  echo \"info:      ($_CURRENT_LOOKUPS of $_MAX_LOOKUPS) Searching in '$_CURRENT_SEARCH_DIR' for a ${_JSON_FILE_NAME} file.\"\n  _SEARCH_RESULT=$(find \"$_CURRENT_SEARCH_DIR\" -maxdepth 2 -name ${_JSON_FILE_NAME} -print | /usr/bin/head -n 1)\n  if [[ ${_SEARCH_RESULT} ]]; then\n    echo \"info:      ${_JSON_FILE_NAME} found at $_SEARCH_RESULT\"\n    break;\n  fi;\n  _CURRENT_LOOKUPS=$((_CURRENT_LOOKUPS+1))\ndone\n\nif [[ ${_SEARCH_RESULT} ]]; then\n  _JSON_OUTPUT_RAW=$(cat \"${_SEARCH_RESULT}\")\n  _RN_ROOT_EXISTS=$(ruby -e \"require 'rubygems';require 'json'; output=JSON.parse('$_JSON_OUTPUT_RAW'); puts output[$_JSON_ROOT]\" || echo '')\n\n  if [[ ${_RN_ROOT_EXISTS} ]]; then\n    _JSON_OUTPUT_BASE64=$(python -c 'import json,sys,base64;print(base64.b64encode(json.dumps(json.loads(open('\"'${_SEARCH_RESULT}'\"').read())['${_JSON_ROOT}'])))' || echo \"e30=\")\n  fi\n\n  _PLIST_ENTRY_KEYS+=(\"firebase_json_raw\")\n  _PLIST_ENTRY_TYPES+=(\"string\")\n  _PLIST_ENTRY_VALUES+=(\"$_JSON_OUTPUT_BASE64\")\n\n  # config.app_data_collection_default_enabled\n  _APP_DATA_COLLECTION_ENABLED=$(getFirebaseJsonKeyValue \"$_JSON_OUTPUT_RAW\" \"app_data_collection_default_enabled\")\n  if [[ $_APP_DATA_COLLECTION_ENABLED ]]; then\n    _PLIST_ENTRY_KEYS+=(\"FirebaseDataCollectionDefaultEnabled\")\n    _PLIST_ENTRY_TYPES+=(\"bool\")\n    _PLIST_ENTRY_VALUES+=(\"$(jsonBoolToYesNo \"$_APP_DATA_COLLECTION_ENABLED\")\")\n  fi\n\n  # config.analytics_auto_collection_enabled\n  _ANALYTICS_AUTO_COLLECTION=$(getFirebaseJsonKeyValue \"$_JSON_OUTPUT_RAW\" \"analytics_auto_collection_enabled\")\n  if [[ $_ANALYTICS_AUTO_COLLECTION ]]; then\n    _PLIST_ENTRY_KEYS+=(\"FIREBASE_ANALYTICS_COLLECTION_ENABLED\")\n    _PLIST_ENTRY_TYPES+=(\"bool\")\n    _PLIST_ENTRY_VALUES+=(\"$(jsonBoolToYesNo \"$_ANALYTICS_AUTO_COLLECTION\")\")\n  fi\n\n  # config.analytics_collection_deactivated\n  _ANALYTICS_DEACTIVATED=$(getFirebaseJsonKeyValue \"$_JSON_OUTPUT_RAW\" \"analytics_collection_deactivated\")\n  if [[ $_ANALYTICS_DEACTIVATED ]]; then\n    _PLIST_ENTRY_KEYS+=(\"FIREBASE_ANALYTICS_COLLECTION_DEACTIVATED\")\n    _PLIST_ENTRY_TYPES+=(\"bool\")\n    _PLIST_ENTRY_VALUES+=(\"$(jsonBoolToYesNo \"$_ANALYTICS_DEACTIVATED\")\")\n  fi\n\n  # config.analytics_idfv_collection_enabled\n  _ANALYTICS_IDFV_COLLECTION=$(getFirebaseJsonKeyValue \"$_JSON_OUTPUT_RAW\" \"analytics_idfv_collection_enabled\")\n  if [[ $_ANALYTICS_IDFV_COLLECTION ]]; then\n    _PLIST_ENTRY_KEYS+=(\"GOOGLE_ANALYTICS_IDFV_COLLECTION_ENABLED\")\n    _PLIST_ENTRY_TYPES+=(\"bool\")\n    _PLIST_ENTRY_VALUES+=(\"$(jsonBoolToYesNo \"$_ANALYTICS_IDFV_COLLECTION\")\")\n  fi\n\n  # config.analytics_default_allow_ad_personalization_signals\n  _ANALYTICS_PERSONALIZATION=$(getFirebaseJsonKeyValue \"$_JSON_OUTPUT_RAW\" \"analytics_default_allow_ad_personalization_signals\")\n  if [[ $_ANALYTICS_PERSONALIZATION ]]; then\n    _PLIST_ENTRY_KEYS+=(\"GOOGLE_ANALYTICS_DEFAULT_ALLOW_AD_PERSONALIZATION_SIGNALS\")\n    _PLIST_ENTRY_TYPES+=(\"bool\")\n    _PLIST_ENTRY_VALUES+=(\"$(jsonBoolToYesNo \"$_ANALYTICS_PERSONALIZATION\")\")\n  fi\n\n  # config.google_analytics_automatic_screen_reporting_enabled\n  _ANALYTICS_AUTO_SCREEN_REPORTING=$(getFirebaseJsonKeyValue \"$_JSON_OUTPUT_RAW\" \"google_analytics_automatic_screen_reporting_enabled\")\n  if [[ $_ANALYTICS_AUTO_SCREEN_REPORTING ]]; then\n    _PLIST_ENTRY_KEYS+=(\"FirebaseAutomaticScreenReportingEnabled\")\n    _PLIST_ENTRY_TYPES+=(\"bool\")\n    _PLIST_ENTRY_VALUES+=(\"$(jsonBoolToYesNo \"$_ANALYTICS_AUTO_SCREEN_REPORTING\")\")\n  fi\n\n  # config.perf_auto_collection_enabled\n  _PERF_AUTO_COLLECTION=$(getFirebaseJsonKeyValue \"$_JSON_OUTPUT_RAW\" \"perf_auto_collection_enabled\")\n  if [[ $_PERF_AUTO_COLLECTION ]]; then\n    _PLIST_ENTRY_KEYS+=(\"firebase_performance_collection_enabled\")\n    _PLIST_ENTRY_TYPES+=(\"bool\")\n    _PLIST_ENTRY_VALUES+=(\"$(jsonBoolToYesNo \"$_PERF_AUTO_COLLECTION\")\")\n  fi\n\n  # config.perf_collection_deactivated\n  _PERF_DEACTIVATED=$(getFirebaseJsonKeyValue \"$_JSON_OUTPUT_RAW\" \"perf_collection_deactivated\")\n  if [[ $_PERF_DEACTIVATED ]]; then\n    _PLIST_ENTRY_KEYS+=(\"firebase_performance_collection_deactivated\")\n    _PLIST_ENTRY_TYPES+=(\"bool\")\n    _PLIST_ENTRY_VALUES+=(\"$(jsonBoolToYesNo \"$_PERF_DEACTIVATED\")\")\n  fi\n\n  # config.messaging_auto_init_enabled\n  _MESSAGING_AUTO_INIT=$(getFirebaseJsonKeyValue \"$_JSON_OUTPUT_RAW\" \"messaging_auto_init_enabled\")\n  if [[ $_MESSAGING_AUTO_INIT ]]; then\n    _PLIST_ENTRY_KEYS+=(\"FirebaseMessagingAutoInitEnabled\")\n    _PLIST_ENTRY_TYPES+=(\"bool\")\n    _PLIST_ENTRY_VALUES+=(\"$(jsonBoolToYesNo \"$_MESSAGING_AUTO_INIT\")\")\n  fi\n\n  # config.in_app_messaging_auto_colllection_enabled\n  _FIAM_AUTO_INIT=$(getFirebaseJsonKeyValue \"$_JSON_OUTPUT_RAW\" \"in_app_messaging_auto_collection_enabled\")\n  if [[ $_FIAM_AUTO_INIT ]]; then\n    _PLIST_ENTRY_KEYS+=(\"FirebaseInAppMessagingAutomaticDataCollectionEnabled\")\n    _PLIST_ENTRY_TYPES+=(\"bool\")\n    _PLIST_ENTRY_VALUES+=(\"$(jsonBoolToYesNo \"$_FIAM_AUTO_INIT\")\")\n  fi\n\n  # config.app_check_token_auto_refresh\n  _APP_CHECK_TOKEN_AUTO_REFRESH=$(getFirebaseJsonKeyValue \"$_JSON_OUTPUT_RAW\" \"app_check_token_auto_refresh\")\n  if [[ $_APP_CHECK_TOKEN_AUTO_REFRESH ]]; then\n    _PLIST_ENTRY_KEYS+=(\"FirebaseAppCheckTokenAutoRefreshEnabled\")\n    _PLIST_ENTRY_TYPES+=(\"bool\")\n    _PLIST_ENTRY_VALUES+=(\"$(jsonBoolToYesNo \"$_APP_CHECK_TOKEN_AUTO_REFRESH\")\")\n  fi\n\n  # config.crashlytics_disable_auto_disabler - undocumented for now - mainly for debugging, document if becomes useful\n  _CRASHLYTICS_AUTO_DISABLE_ENABLED=$(getFirebaseJsonKeyValue \"$_JSON_OUTPUT_RAW\" \"crashlytics_disable_auto_disabler\")\n  if [[ $_CRASHLYTICS_AUTO_DISABLE_ENABLED == \"true\" ]]; then\n    echo \"Disabled Crashlytics auto disabler.\" # do nothing\n  else\n    _PLIST_ENTRY_KEYS+=(\"FirebaseCrashlyticsCollectionEnabled\")\n    _PLIST_ENTRY_TYPES+=(\"bool\")\n    _PLIST_ENTRY_VALUES+=(\"NO\")\n  fi\nelse\n  _PLIST_ENTRY_KEYS+=(\"firebase_json_raw\")\n  _PLIST_ENTRY_TYPES+=(\"string\")\n  _PLIST_ENTRY_VALUES+=(\"$_JSON_OUTPUT_BASE64\")\n  echo \"warning:   A firebase.json file was not found, whilst this file is optional it is recommended to include it to configure firebase services in React Native Firebase.\"\nfi;\n\necho \"info: 2) Injecting Info.plist entries: \"\n\n# Log out the keys we're adding\nfor i in \"${!_PLIST_ENTRY_KEYS[@]}\"; do\n  echo \"    ->  $i) ${_PLIST_ENTRY_KEYS[$i]}\" \"${_PLIST_ENTRY_TYPES[$i]}\" \"${_PLIST_ENTRY_VALUES[$i]}\"\ndone\n\nfor plist in \"${_TARGET_PLIST}\" \"${_DSYM_PLIST}\" ; do\n  if [[ -f \"${plist}\" ]]; then\n\n    # paths with spaces break the call to setPlistValue. temporarily modify\n    # the shell internal field separator variable (IFS), which normally\n    # includes spaces, to consist only of line breaks\n    oldifs=$IFS\n    IFS=\"\n\"\n\n    for i in \"${!_PLIST_ENTRY_KEYS[@]}\"; do\n      setPlistValue \"${_PLIST_ENTRY_KEYS[$i]}\" \"${_PLIST_ENTRY_TYPES[$i]}\" \"${_PLIST_ENTRY_VALUES[$i]}\" \"${plist}\"\n    done\n\n    # restore the original internal field separator value\n    IFS=$oldifs\n  else\n    echo \"warning:   A Info.plist build output file was not found (${plist})\"\n  fi\ndone\n\necho \"info: <- RNFB build script finished\"\n";
		};
		C70BB912D7EC2C7E2E1D9EA7 /* [CP] Check Pods Manifest.lock */ = {
			isa = PBXShellScriptBuildPhase;
			buildActionMask = 2147483647;
			files = (
			);
			inputFileListPaths = (
			);
			inputPaths = (
				"${PODS_PODFILE_DIR_PATH}/Podfile.lock",
				"${PODS_ROOT}/Manifest.lock",
			);
			name = "[CP] Check Pods Manifest.lock";
			outputFileListPaths = (
			);
			outputPaths = (
				"$(DERIVED_FILE_DIR)/Pods-xenia-tvOS-checkManifestLockResult.txt",
			);
			runOnlyForDeploymentPostprocessing = 0;
			shellPath = /bin/sh;
			shellScript = "diff \"${PODS_PODFILE_DIR_PATH}/Podfile.lock\" \"${PODS_ROOT}/Manifest.lock\" > /dev/null\nif [ $? != 0 ] ; then\n    # print error to STDERR\n    echo \"error: The sandbox is not in sync with the Podfile.lock. Run 'pod install' or update your CocoaPods installation.\" >&2\n    exit 1\nfi\n# This output is used by Xcode 'outputs' to avoid re-running this script phase.\necho \"SUCCESS\" > \"${SCRIPT_OUTPUT_FILE_0}\"\n";
			showEnvVarsInLog = 0;
		};
		D756FC650A592C2A5CC092E8 /* [CP] Check Pods Manifest.lock */ = {
			isa = PBXShellScriptBuildPhase;
			buildActionMask = 2147483647;
			files = (
			);
			inputFileListPaths = (
			);
			inputPaths = (
				"${PODS_PODFILE_DIR_PATH}/Podfile.lock",
				"${PODS_ROOT}/Manifest.lock",
			);
			name = "[CP] Check Pods Manifest.lock";
			outputFileListPaths = (
			);
			outputPaths = (
				"$(DERIVED_FILE_DIR)/Pods-xenia-checkManifestLockResult.txt",
			);
			runOnlyForDeploymentPostprocessing = 0;
			shellPath = /bin/sh;
			shellScript = "diff \"${PODS_PODFILE_DIR_PATH}/Podfile.lock\" \"${PODS_ROOT}/Manifest.lock\" > /dev/null\nif [ $? != 0 ] ; then\n    # print error to STDERR\n    echo \"error: The sandbox is not in sync with the Podfile.lock. Run 'pod install' or update your CocoaPods installation.\" >&2\n    exit 1\nfi\n# This output is used by Xcode 'outputs' to avoid re-running this script phase.\necho \"SUCCESS\" > \"${SCRIPT_OUTPUT_FILE_0}\"\n";
			showEnvVarsInLog = 0;
		};
		F41170BDC5E099663D75A746 /* [CP] Check Pods Manifest.lock */ = {
			isa = PBXShellScriptBuildPhase;
			buildActionMask = 2147483647;
			files = (
			);
			inputFileListPaths = (
			);
			inputPaths = (
				"${PODS_PODFILE_DIR_PATH}/Podfile.lock",
				"${PODS_ROOT}/Manifest.lock",
			);
			name = "[CP] Check Pods Manifest.lock";
			outputFileListPaths = (
			);
			outputPaths = (
				"$(DERIVED_FILE_DIR)/Pods-xenia-tvOS-xenia-tvOSTests-checkManifestLockResult.txt",
			);
			runOnlyForDeploymentPostprocessing = 0;
			shellPath = /bin/sh;
			shellScript = "diff \"${PODS_PODFILE_DIR_PATH}/Podfile.lock\" \"${PODS_ROOT}/Manifest.lock\" > /dev/null\nif [ $? != 0 ] ; then\n    # print error to STDERR\n    echo \"error: The sandbox is not in sync with the Podfile.lock. Run 'pod install' or update your CocoaPods installation.\" >&2\n    exit 1\nfi\n# This output is used by Xcode 'outputs' to avoid re-running this script phase.\necho \"SUCCESS\" > \"${SCRIPT_OUTPUT_FILE_0}\"\n";
			showEnvVarsInLog = 0;
		};
		FD10A7F022414F080027D42C /* Start Packager */ = {
			isa = PBXShellScriptBuildPhase;
			buildActionMask = 2147483647;
			files = (
			);
			inputFileListPaths = (
			);
			inputPaths = (
			);
			name = "Start Packager";
			outputFileListPaths = (
			);
			outputPaths = (
			);
			runOnlyForDeploymentPostprocessing = 0;
			shellPath = /bin/sh;
			shellScript = "export RCT_METRO_PORT=\"${RCT_METRO_PORT:=8081}\"\necho \"export RCT_METRO_PORT=${RCT_METRO_PORT}\" > \"${SRCROOT}/../node_modules/react-native/scripts/.packager.env\"\nif [ -z \"${RCT_NO_LAUNCH_PACKAGER+xxx}\" ] ; then\n  if nc -w 5 -z localhost ${RCT_METRO_PORT} ; then\n    if ! curl -s \"http://localhost:${RCT_METRO_PORT}/status\" | grep -q \"packager-status:running\" ; then\n      echo \"Port ${RCT_METRO_PORT} already in use, packager is either not running or not running correctly\"\n      exit 2\n    fi\n  else\n    open \"$SRCROOT/../node_modules/react-native/scripts/launchPackager.command\" || echo \"Can't start packager automatically\"\n  fi\nfi\n";
			showEnvVarsInLog = 0;
		};
		FD10A7F122414F3F0027D42C /* Start Packager */ = {
			isa = PBXShellScriptBuildPhase;
			buildActionMask = 2147483647;
			files = (
			);
			inputFileListPaths = (
			);
			inputPaths = (
			);
			name = "Start Packager";
			outputFileListPaths = (
			);
			outputPaths = (
			);
			runOnlyForDeploymentPostprocessing = 0;
			shellPath = /bin/sh;
			shellScript = "export RCT_METRO_PORT=\"${RCT_METRO_PORT:=8081}\"\necho \"export RCT_METRO_PORT=${RCT_METRO_PORT}\" > \"${SRCROOT}/../node_modules/react-native/scripts/.packager.env\"\nif [ -z \"${RCT_NO_LAUNCH_PACKAGER+xxx}\" ] ; then\n  if nc -w 5 -z localhost ${RCT_METRO_PORT} ; then\n    if ! curl -s \"http://localhost:${RCT_METRO_PORT}/status\" | grep -q \"packager-status:running\" ; then\n      echo \"Port ${RCT_METRO_PORT} already in use, packager is either not running or not running correctly\"\n      exit 2\n    fi\n  else\n    open \"$SRCROOT/../node_modules/react-native/scripts/launchPackager.command\" || echo \"Can't start packager automatically\"\n  fi\nfi\n";
			showEnvVarsInLog = 0;
		};
/* End PBXShellScriptBuildPhase section */

/* Begin PBXSourcesBuildPhase section */
		00E356EA1AD99517003FC87E /* Sources */ = {
			isa = PBXSourcesBuildPhase;
			buildActionMask = 2147483647;
			files = (
				00E356F31AD99517003FC87E /* xeniaTests.m in Sources */,
			);
			runOnlyForDeploymentPostprocessing = 0;
		};
		13B07F871A680F5B00A75B9A /* Sources */ = {
			isa = PBXSourcesBuildPhase;
			buildActionMask = 2147483647;
			files = (
				1876724E258C721800ED9AA8 /* File.swift in Sources */,
				13B07FBC1A68108700A75B9A /* AppDelegate.m in Sources */,
				13B07FC11A68108700A75B9A /* main.m in Sources */,
			);
			runOnlyForDeploymentPostprocessing = 0;
		};
		2D02E4771E0B4A5D006451C7 /* Sources */ = {
			isa = PBXSourcesBuildPhase;
			buildActionMask = 2147483647;
			files = (
				2D02E4BF1E0B4AB3006451C7 /* main.m in Sources */,
				2D02E4BC1E0B4A80006451C7 /* AppDelegate.m in Sources */,
			);
			runOnlyForDeploymentPostprocessing = 0;
		};
		2D02E48C1E0B4A5D006451C7 /* Sources */ = {
			isa = PBXSourcesBuildPhase;
			buildActionMask = 2147483647;
			files = (
				2DCD954D1E0B4F2C00145EB5 /* xeniaTests.m in Sources */,
			);
			runOnlyForDeploymentPostprocessing = 0;
		};
/* End PBXSourcesBuildPhase section */

/* Begin PBXTargetDependency section */
		00E356F51AD99517003FC87E /* PBXTargetDependency */ = {
			isa = PBXTargetDependency;
			target = 13B07F861A680F5B00A75B9A /* xenia */;
			targetProxy = 00E356F41AD99517003FC87E /* PBXContainerItemProxy */;
		};
		2D02E4921E0B4A5D006451C7 /* PBXTargetDependency */ = {
			isa = PBXTargetDependency;
			target = 2D02E47A1E0B4A5D006451C7 /* xenia-tvOS */;
			targetProxy = 2D02E4911E0B4A5D006451C7 /* PBXContainerItemProxy */;
		};
/* End PBXTargetDependency section */

/* Begin PBXVariantGroup section */
		13B07FB11A68108700A75B9A /* LaunchScreen.xib */ = {
			isa = PBXVariantGroup;
			children = (
				13B07FB21A68108700A75B9A /* Base */,
			);
			name = LaunchScreen.xib;
			path = xenia;
			sourceTree = "<group>";
		};
/* End PBXVariantGroup section */

/* Begin XCBuildConfiguration section */
		00E356F61AD99517003FC87E /* Debug */ = {
			isa = XCBuildConfiguration;
			baseConfigurationReference = 4EECBD112BE8318DFE32611E /* Pods-xeniaTests.debug.xcconfig */;
			buildSettings = {
				ALWAYS_EMBED_SWIFT_STANDARD_LIBRARIES = YES;
				BUNDLE_LOADER = "$(TEST_HOST)";
				"CODE_SIGN_IDENTITY[sdk=macosx*]" = "Apple Development";
				DEVELOPMENT_TEAM = B8C2TM7Z8Y;
				GCC_PREPROCESSOR_DEFINITIONS = (
					"DEBUG=1",
					"$(inherited)",
				);
				INFOPLIST_FILE = xeniaTests/Info.plist;
				IPHONEOS_DEPLOYMENT_TARGET = 9.0;
				LD_RUNPATH_SEARCH_PATHS = "$(inherited) @executable_path/Frameworks @loader_path/Frameworks";
				OTHER_LDFLAGS = (
					"-ObjC",
					"-lc++",
					"$(inherited)",
				);
				PRODUCT_BUNDLE_IDENTIFIER = "org.reactjs.native.example.$(PRODUCT_NAME:rfc1034identifier)";
				PRODUCT_NAME = "$(TARGET_NAME)";
				TEST_HOST = "$(BUILT_PRODUCTS_DIR)/xenia.app/xenia";
			};
			name = Debug;
		};
		00E356F71AD99517003FC87E /* Release */ = {
			isa = XCBuildConfiguration;
			baseConfigurationReference = F1EE45E7D9109329F5D5B6E2 /* Pods-xeniaTests.release.xcconfig */;
			buildSettings = {
				ALWAYS_EMBED_SWIFT_STANDARD_LIBRARIES = YES;
				BUNDLE_LOADER = "$(TEST_HOST)";
				"CODE_SIGN_IDENTITY[sdk=macosx*]" = "Apple Development";
				COPY_PHASE_STRIP = NO;
				DEVELOPMENT_TEAM = B8C2TM7Z8Y;
				INFOPLIST_FILE = xeniaTests/Info.plist;
				IPHONEOS_DEPLOYMENT_TARGET = 9.0;
				LD_RUNPATH_SEARCH_PATHS = "$(inherited) @executable_path/Frameworks @loader_path/Frameworks";
				ONLY_ACTIVE_ARCH = YES;
				OTHER_LDFLAGS = (
					"-ObjC",
					"-lc++",
					"$(inherited)",
				);
				PRODUCT_BUNDLE_IDENTIFIER = "org.reactjs.native.example.$(PRODUCT_NAME:rfc1034identifier)";
				PRODUCT_NAME = "$(TARGET_NAME)";
				TEST_HOST = "$(BUILT_PRODUCTS_DIR)/xenia.app/xenia";
			};
			name = Release;
		};
		13B07F941A680F5B00A75B9A /* Debug */ = {
			isa = XCBuildConfiguration;
			baseConfigurationReference = 5115B9B1A465C5D2368B424C /* Pods-xenia.debug.xcconfig */;
			buildSettings = {
				ASSETCATALOG_COMPILER_APPICON_NAME = AppIcon;
				CODE_SIGN_ENTITLEMENTS = xenia/xenia.entitlements;
				CODE_SIGN_IDENTITY = "Apple Development";
				CODE_SIGN_STYLE = Automatic;
				CURRENT_PROJECT_VERSION = 25;
				DEAD_CODE_STRIPPING = NO;
				DEVELOPMENT_TEAM = B8C2TM7Z8Y;
				ENABLE_BITCODE = NO;
				ENABLE_NS_ASSERTIONS = NO;
				ENABLE_TESTABILITY = NO;
				EXCLUDED_ARCHS = "";
				GCC_PREPROCESSOR_DEFINITIONS = (
					"$(inherited)",
					"COCOAPODS=1",
					"$(inherited)",
					"PB_FIELD_32BIT=1",
					"PB_NO_PACKED_STRUCTS=1",
					"PB_ENABLE_MALLOC=1",
					"HAVE_GOOGLE_MAPS=1",
				);
				INFOPLIST_FILE = xenia/Info.plist;
				IPHONEOS_DEPLOYMENT_TARGET = 10.0;
				LD_RUNPATH_SEARCH_PATHS = "$(inherited) @executable_path/Frameworks";
				MARKETING_VERSION = 2.4.8;
				ONLY_ACTIVE_ARCH = YES;
				OTHER_LDFLAGS = (
					"$(inherited)",
					"-ObjC",
					"-lc++",
				);
				PRODUCT_BUNDLE_IDENTIFIER = com.reactjs.native.Xeam;
				PRODUCT_NAME = xenia;
				PROVISIONING_PROFILE_SPECIFIER = "";
				SUPPORTS_MACCATALYST = NO;
				SWIFT_REFLECTION_METADATA_LEVEL = all;
				SWIFT_VERSION = 5.0;
				TARGETED_DEVICE_FAMILY = "1,2";
				VERSIONING_SYSTEM = "apple-generic";
			};
			name = Debug;
		};
		13B07F951A680F5B00A75B9A /* Release */ = {
			isa = XCBuildConfiguration;
			baseConfigurationReference = 81C723713430BFCF22C72423 /* Pods-xenia.release.xcconfig */;
			buildSettings = {
				ASSETCATALOG_COMPILER_APPICON_NAME = AppIcon;
				CODE_SIGN_ENTITLEMENTS = xenia/xeniaRelease.entitlements;
				CODE_SIGN_IDENTITY = "Apple Development";
				CODE_SIGN_STYLE = Automatic;
				CURRENT_PROJECT_VERSION = 25;
				DEVELOPMENT_TEAM = B8C2TM7Z8Y;
				ENABLE_BITCODE = NO;
				ENABLE_NS_ASSERTIONS = YES;
				ENABLE_TESTABILITY = YES;
				EXCLUDED_ARCHS = "";
				GCC_PREPROCESSOR_DEFINITIONS = (
					"$(inherited)",
					"COCOAPODS=1",
					"$(inherited)",
					"PB_FIELD_32BIT=1",
					"PB_NO_PACKED_STRUCTS=1",
					"PB_ENABLE_MALLOC=1",
					"HAVE_GOOGLE_MAPS=1",
				);
				INFOPLIST_FILE = xenia/Info.plist;
				IPHONEOS_DEPLOYMENT_TARGET = 10.0;
				LD_RUNPATH_SEARCH_PATHS = "$(inherited) @executable_path/Frameworks";
				MARKETING_VERSION = 2.4.8;
				ONLY_ACTIVE_ARCH = YES;
				OTHER_LDFLAGS = (
					"$(inherited)",
					"-ObjC",
					"-lc++",
				);
				PRODUCT_BUNDLE_IDENTIFIER = com.reactjs.native.Xeam;
				PRODUCT_NAME = xenia;
				PROVISIONING_PROFILE_SPECIFIER = "";
				SUPPORTS_MACCATALYST = NO;
				SWIFT_REFLECTION_METADATA_LEVEL = all;
				SWIFT_VERSION = 5.0;
				TARGETED_DEVICE_FAMILY = "1,2";
				VERSIONING_SYSTEM = "apple-generic";
			};
			name = Release;
		};
		2D02E4971E0B4A5E006451C7 /* Debug */ = {
			isa = XCBuildConfiguration;
			baseConfigurationReference = E3BAC2327A11C1C3687C2E53 /* Pods-xenia-tvOS.debug.xcconfig */;
			buildSettings = {
				ASSETCATALOG_COMPILER_APPICON_NAME = "App Icon & Top Shelf Image";
				ASSETCATALOG_COMPILER_LAUNCHIMAGE_NAME = LaunchImage;
				CLANG_ANALYZER_NONNULL = YES;
				CLANG_WARN_DOCUMENTATION_COMMENTS = YES;
				CLANG_WARN_INFINITE_RECURSION = YES;
				CLANG_WARN_SUSPICIOUS_MOVE = YES;
				DEBUG_INFORMATION_FORMAT = dwarf;
				DEVELOPMENT_TEAM = J5TH8MWDSV;
				ENABLE_TESTABILITY = YES;
				GCC_NO_COMMON_BLOCKS = YES;
				INFOPLIST_FILE = "xenia-tvOS/Info.plist";
				LD_RUNPATH_SEARCH_PATHS = "$(inherited) @executable_path/Frameworks";
				OTHER_LDFLAGS = (
					"$(inherited)",
					"-ObjC",
					"-lc++",
				);
				PRODUCT_BUNDLE_IDENTIFIER = com.reactjs.native.Xeam;
				PRODUCT_NAME = "$(TARGET_NAME)";
				SDKROOT = appletvos;
				TARGETED_DEVICE_FAMILY = 3;
				TVOS_DEPLOYMENT_TARGET = 9.2;
			};
			name = Debug;
		};
		2D02E4981E0B4A5E006451C7 /* Release */ = {
			isa = XCBuildConfiguration;
			baseConfigurationReference = 273D8F0F683A2657A7AB8A61 /* Pods-xenia-tvOS.release.xcconfig */;
			buildSettings = {
				ASSETCATALOG_COMPILER_APPICON_NAME = "App Icon & Top Shelf Image";
				ASSETCATALOG_COMPILER_LAUNCHIMAGE_NAME = LaunchImage;
				CLANG_ANALYZER_NONNULL = YES;
				CLANG_WARN_DOCUMENTATION_COMMENTS = YES;
				CLANG_WARN_INFINITE_RECURSION = YES;
				CLANG_WARN_SUSPICIOUS_MOVE = YES;
				COPY_PHASE_STRIP = NO;
				DEBUG_INFORMATION_FORMAT = "dwarf-with-dsym";
				DEVELOPMENT_TEAM = J5TH8MWDSV;
				GCC_NO_COMMON_BLOCKS = YES;
				INFOPLIST_FILE = "xenia-tvOS/Info.plist";
				LD_RUNPATH_SEARCH_PATHS = "$(inherited) @executable_path/Frameworks";
				OTHER_LDFLAGS = (
					"$(inherited)",
					"-ObjC",
					"-lc++",
				);
				PRODUCT_BUNDLE_IDENTIFIER = com.reactjs.native.Xeam;
				PRODUCT_NAME = "$(TARGET_NAME)";
				SDKROOT = appletvos;
				TARGETED_DEVICE_FAMILY = 3;
				TVOS_DEPLOYMENT_TARGET = 9.2;
			};
			name = Release;
		};
		2D02E4991E0B4A5E006451C7 /* Debug */ = {
			isa = XCBuildConfiguration;
			baseConfigurationReference = 1D08A36F408857A3387DBDAD /* Pods-xenia-tvOS-xenia-tvOSTests.debug.xcconfig */;
			buildSettings = {
				BUNDLE_LOADER = "$(TEST_HOST)";
				CLANG_ANALYZER_NONNULL = YES;
				CLANG_WARN_DOCUMENTATION_COMMENTS = YES;
				CLANG_WARN_INFINITE_RECURSION = YES;
				CLANG_WARN_SUSPICIOUS_MOVE = YES;
				DEBUG_INFORMATION_FORMAT = dwarf;
				ENABLE_TESTABILITY = YES;
				GCC_NO_COMMON_BLOCKS = YES;
				INFOPLIST_FILE = "xenia-tvOSTests/Info.plist";
				LD_RUNPATH_SEARCH_PATHS = "$(inherited) @executable_path/Frameworks @loader_path/Frameworks";
				OTHER_LDFLAGS = (
					"$(inherited)",
					"-ObjC",
					"-lc++",
				);
				PRODUCT_BUNDLE_IDENTIFIER = "com.facebook.REACT.xenia-tvOSTests";
				PRODUCT_NAME = "$(TARGET_NAME)";
				SDKROOT = appletvos;
				TEST_HOST = "$(BUILT_PRODUCTS_DIR)/xenia-tvOS.app/xenia-tvOS";
				TVOS_DEPLOYMENT_TARGET = 10.1;
			};
			name = Debug;
		};
		2D02E49A1E0B4A5E006451C7 /* Release */ = {
			isa = XCBuildConfiguration;
			baseConfigurationReference = F027B0941C25D510945097EC /* Pods-xenia-tvOS-xenia-tvOSTests.release.xcconfig */;
			buildSettings = {
				BUNDLE_LOADER = "$(TEST_HOST)";
				CLANG_ANALYZER_NONNULL = YES;
				CLANG_WARN_DOCUMENTATION_COMMENTS = YES;
				CLANG_WARN_INFINITE_RECURSION = YES;
				CLANG_WARN_SUSPICIOUS_MOVE = YES;
				COPY_PHASE_STRIP = NO;
				DEBUG_INFORMATION_FORMAT = "dwarf-with-dsym";
				GCC_NO_COMMON_BLOCKS = YES;
				INFOPLIST_FILE = "xenia-tvOSTests/Info.plist";
				LD_RUNPATH_SEARCH_PATHS = "$(inherited) @executable_path/Frameworks @loader_path/Frameworks";
				OTHER_LDFLAGS = (
					"$(inherited)",
					"-ObjC",
					"-lc++",
				);
				PRODUCT_BUNDLE_IDENTIFIER = "com.facebook.REACT.xenia-tvOSTests";
				PRODUCT_NAME = "$(TARGET_NAME)";
				SDKROOT = appletvos;
				TEST_HOST = "$(BUILT_PRODUCTS_DIR)/xenia-tvOS.app/xenia-tvOS";
				TVOS_DEPLOYMENT_TARGET = 10.1;
			};
			name = Release;
		};
		83CBBA201A601CBA00E9B192 /* Debug */ = {
			isa = XCBuildConfiguration;
			buildSettings = {
				ALWAYS_SEARCH_USER_PATHS = NO;
				CLANG_ANALYZER_LOCALIZABILITY_NONLOCALIZED = YES;
				CLANG_CXX_LANGUAGE_STANDARD = "gnu++0x";
				CLANG_CXX_LIBRARY = "libc++";
				CLANG_ENABLE_MODULES = YES;
				CLANG_ENABLE_OBJC_ARC = YES;
				CLANG_WARN_BLOCK_CAPTURE_AUTORELEASING = YES;
				CLANG_WARN_BOOL_CONVERSION = YES;
				CLANG_WARN_COMMA = YES;
				CLANG_WARN_CONSTANT_CONVERSION = YES;
				CLANG_WARN_DEPRECATED_OBJC_IMPLEMENTATIONS = YES;
				CLANG_WARN_DIRECT_OBJC_ISA_USAGE = YES_ERROR;
				CLANG_WARN_EMPTY_BODY = YES;
				CLANG_WARN_ENUM_CONVERSION = YES;
				CLANG_WARN_INFINITE_RECURSION = YES;
				CLANG_WARN_INT_CONVERSION = YES;
				CLANG_WARN_NON_LITERAL_NULL_CONVERSION = YES;
				CLANG_WARN_OBJC_IMPLICIT_RETAIN_SELF = YES;
				CLANG_WARN_OBJC_LITERAL_CONVERSION = YES;
				CLANG_WARN_OBJC_ROOT_CLASS = YES_ERROR;
				CLANG_WARN_RANGE_LOOP_ANALYSIS = YES;
				CLANG_WARN_STRICT_PROTOTYPES = YES;
				CLANG_WARN_SUSPICIOUS_MOVE = YES;
				CLANG_WARN_UNREACHABLE_CODE = YES;
				CLANG_WARN__DUPLICATE_METHOD_MATCH = YES;
				"CODE_SIGN_IDENTITY[sdk=iphoneos*]" = "iPhone Developer";
				COPY_PHASE_STRIP = YES;
				ENABLE_STRICT_OBJC_MSGSEND = YES;
				ENABLE_TESTABILITY = YES;
				GCC_C_LANGUAGE_STANDARD = gnu99;
				GCC_DYNAMIC_NO_PIC = YES;
				GCC_NO_COMMON_BLOCKS = YES;
				GCC_OPTIMIZATION_LEVEL = 0;
				GCC_PREPROCESSOR_DEFINITIONS = (
					"DEBUG=1",
					"$(inherited)",
				);
				GCC_SYMBOLS_PRIVATE_EXTERN = NO;
				GCC_WARN_64_TO_32_BIT_CONVERSION = YES;
				GCC_WARN_ABOUT_RETURN_TYPE = YES_ERROR;
				GCC_WARN_UNDECLARED_SELECTOR = YES;
				GCC_WARN_UNINITIALIZED_AUTOS = YES_AGGRESSIVE;
				GCC_WARN_UNUSED_FUNCTION = YES;
				GCC_WARN_UNUSED_VARIABLE = YES;
				IPHONEOS_DEPLOYMENT_TARGET = 10.0;
				ONLY_ACTIVE_ARCH = YES;
				SDKROOT = iphoneos;
				VALIDATE_PRODUCT = YES;
			};
			name = Debug;
		};
		83CBBA211A601CBA00E9B192 /* Release */ = {
			isa = XCBuildConfiguration;
			buildSettings = {
				ALWAYS_SEARCH_USER_PATHS = NO;
				CLANG_ANALYZER_LOCALIZABILITY_NONLOCALIZED = YES;
				CLANG_CXX_LANGUAGE_STANDARD = "gnu++0x";
				CLANG_CXX_LIBRARY = "libc++";
				CLANG_ENABLE_MODULES = YES;
				CLANG_ENABLE_OBJC_ARC = YES;
				CLANG_WARN_BLOCK_CAPTURE_AUTORELEASING = YES;
				CLANG_WARN_BOOL_CONVERSION = YES;
				CLANG_WARN_COMMA = YES;
				CLANG_WARN_CONSTANT_CONVERSION = YES;
				CLANG_WARN_DEPRECATED_OBJC_IMPLEMENTATIONS = YES;
				CLANG_WARN_DIRECT_OBJC_ISA_USAGE = YES_ERROR;
				CLANG_WARN_EMPTY_BODY = YES;
				CLANG_WARN_ENUM_CONVERSION = YES;
				CLANG_WARN_INFINITE_RECURSION = YES;
				CLANG_WARN_INT_CONVERSION = YES;
				CLANG_WARN_NON_LITERAL_NULL_CONVERSION = YES;
				CLANG_WARN_OBJC_IMPLICIT_RETAIN_SELF = YES;
				CLANG_WARN_OBJC_LITERAL_CONVERSION = YES;
				CLANG_WARN_OBJC_ROOT_CLASS = YES_ERROR;
				CLANG_WARN_RANGE_LOOP_ANALYSIS = YES;
				CLANG_WARN_STRICT_PROTOTYPES = YES;
				CLANG_WARN_SUSPICIOUS_MOVE = YES;
				CLANG_WARN_UNREACHABLE_CODE = YES;
				CLANG_WARN__DUPLICATE_METHOD_MATCH = YES;
				"CODE_SIGN_IDENTITY[sdk=iphoneos*]" = "iPhone Developer";
				COPY_PHASE_STRIP = YES;
				ENABLE_NS_ASSERTIONS = YES;
				ENABLE_STRICT_OBJC_MSGSEND = YES;
				ENABLE_TESTABILITY = YES;
				GCC_C_LANGUAGE_STANDARD = gnu99;
				GCC_DYNAMIC_NO_PIC = YES;
				GCC_NO_COMMON_BLOCKS = YES;
				GCC_WARN_64_TO_32_BIT_CONVERSION = YES;
				GCC_WARN_ABOUT_RETURN_TYPE = YES_ERROR;
				GCC_WARN_UNDECLARED_SELECTOR = YES;
				GCC_WARN_UNINITIALIZED_AUTOS = YES_AGGRESSIVE;
				GCC_WARN_UNUSED_FUNCTION = YES;
				GCC_WARN_UNUSED_VARIABLE = YES;
				IPHONEOS_DEPLOYMENT_TARGET = 10.0;
				ONLY_ACTIVE_ARCH = YES;
				SDKROOT = iphoneos;
				VALIDATE_PRODUCT = YES;
			};
			name = Release;
		};
/* End XCBuildConfiguration section */

/* Begin XCConfigurationList section */
		00E357021AD99517003FC87E /* Build configuration list for PBXNativeTarget "xeniaTests" */ = {
			isa = XCConfigurationList;
			buildConfigurations = (
				00E356F61AD99517003FC87E /* Debug */,
				00E356F71AD99517003FC87E /* Release */,
			);
			defaultConfigurationIsVisible = 0;
			defaultConfigurationName = Release;
		};
		13B07F931A680F5B00A75B9A /* Build configuration list for PBXNativeTarget "xenia" */ = {
			isa = XCConfigurationList;
			buildConfigurations = (
				13B07F941A680F5B00A75B9A /* Debug */,
				13B07F951A680F5B00A75B9A /* Release */,
			);
			defaultConfigurationIsVisible = 0;
			defaultConfigurationName = Release;
		};
		2D02E4BA1E0B4A5E006451C7 /* Build configuration list for PBXNativeTarget "xenia-tvOS" */ = {
			isa = XCConfigurationList;
			buildConfigurations = (
				2D02E4971E0B4A5E006451C7 /* Debug */,
				2D02E4981E0B4A5E006451C7 /* Release */,
			);
			defaultConfigurationIsVisible = 0;
			defaultConfigurationName = Release;
		};
		2D02E4BB1E0B4A5E006451C7 /* Build configuration list for PBXNativeTarget "xenia-tvOSTests" */ = {
			isa = XCConfigurationList;
			buildConfigurations = (
				2D02E4991E0B4A5E006451C7 /* Debug */,
				2D02E49A1E0B4A5E006451C7 /* Release */,
			);
			defaultConfigurationIsVisible = 0;
			defaultConfigurationName = Release;
		};
		83CBB9FA1A601CBA00E9B192 /* Build configuration list for PBXProject "xenia" */ = {
			isa = XCConfigurationList;
			buildConfigurations = (
				83CBBA201A601CBA00E9B192 /* Debug */,
				83CBBA211A601CBA00E9B192 /* Release */,
			);
			defaultConfigurationIsVisible = 0;
			defaultConfigurationName = Release;
		};
/* End XCConfigurationList section */
	};
	rootObject = 83CBB9F71A601CBA00E9B192 /* Project object */;
}
