PODS:
  - "@mauron85_react-native-background-geolocation (0.6.3)":
    - React
  - boost-for-react-native (1.63.0)
  - BugsnagReactNative (2.23.10):
    - BugsnagReactNative/Core (= 2.23.10)
    - React
  - BugsnagReactNative/Core (2.23.10):
    - React
  - BVLinearGradient (2.5.6):
    - React
  - DoubleConversion (1.1.6)
  - FBLazyVector (0.64.2)
  - FBReactNativeSpec (0.64.2):
    - RCT-Folly (= 2020.01.13.00)
    - RCTRequired (= 0.64.2)
    - RCTTypeSafety (= 0.64.2)
    - React-Core (= 0.64.2)
    - React-jsi (= 0.64.2)
    - ReactCommon/turbomodule/core (= 0.64.2)
  - Firebase/Analytics (8.12.1):
    - Firebase/Core
  - Firebase/Core (8.12.1):
    - Firebase/CoreOnly
    - FirebaseAnalytics (~> 8.12.0)
  - Firebase/CoreOnly (8.12.1):
    - FirebaseCore (= 8.12.1)
  - Firebase/Database (8.12.1):
    - Firebase/CoreOnly
    - FirebaseDatabase (~> 8.12.0)
  - Firebase/Messaging (8.12.1):
    - Firebase/CoreOnly
    - FirebaseMessaging (~> 8.12.0)
  - FirebaseAnalytics (8.12.0):
    - FirebaseAnalytics/AdIdSupport (= 8.12.0)
    - FirebaseCore (~> 8.0)
    - FirebaseInstallations (~> 8.0)
    - GoogleUtilities/AppDelegateSwizzler (~> 7.7)
    - GoogleUtilities/MethodSwizzler (~> 7.7)
    - GoogleUtilities/Network (~> 7.7)
    - "GoogleUtilities/NSData+zlib (~> 7.7)"
    - nanopb (~> 2.30908.0)
  - FirebaseAnalytics/AdIdSupport (8.12.0):
    - FirebaseCore (~> 8.0)
    - FirebaseInstallations (~> 8.0)
    - GoogleAppMeasurement (= 8.12.0)
    - GoogleUtilities/AppDelegateSwizzler (~> 7.7)
    - GoogleUtilities/MethodSwizzler (~> 7.7)
    - GoogleUtilities/Network (~> 7.7)
    - "GoogleUtilities/NSData+zlib (~> 7.7)"
    - nanopb (~> 2.30908.0)
  - FirebaseCore (8.12.1):
    - FirebaseCoreDiagnostics (~> 8.0)
    - GoogleUtilities/Environment (~> 7.7)
    - GoogleUtilities/Logger (~> 7.7)
  - FirebaseCoreDiagnostics (8.0.0):
    - GoogleDataTransport (~> 9.0)
    - GoogleUtilities/Environment (~> 7.4)
    - GoogleUtilities/Logger (~> 7.4)
    - nanopb (~> 2.30908.0)
  - FirebaseDatabase (8.12.0):
    - FirebaseCore (~> 8.0)
    - leveldb-library (~> 1.22)
  - FirebaseInstallations (8.0.0):
    - FirebaseCore (~> 8.0)
    - GoogleUtilities/Environment (~> 7.4)
    - GoogleUtilities/UserDefaults (~> 7.4)
    - PromisesObjC (~> 1.2)
  - FirebaseMessaging (8.12.0):
    - FirebaseCore (~> 8.0)
    - FirebaseInstallations (~> 8.0)
    - GoogleDataTransport (~> 9.1)
    - GoogleUtilities/AppDelegateSwizzler (~> 7.7)
    - GoogleUtilities/Environment (~> 7.7)
    - GoogleUtilities/Reachability (~> 7.7)
    - GoogleUtilities/UserDefaults (~> 7.7)
    - nanopb (~> 2.30908.0)
  - glog (0.3.5)
  - Google-Maps-iOS-Utils (2.1.0):
    - Google-Maps-iOS-Utils/Clustering (= 2.1.0)
    - Google-Maps-iOS-Utils/Geometry (= 2.1.0)
    - Google-Maps-iOS-Utils/Heatmap (= 2.1.0)
    - Google-Maps-iOS-Utils/QuadTree (= 2.1.0)
    - GoogleMaps
  - Google-Maps-iOS-Utils/Clustering (2.1.0):
    - Google-Maps-iOS-Utils/QuadTree
    - GoogleMaps
  - Google-Maps-iOS-Utils/Geometry (2.1.0):
    - GoogleMaps
  - Google-Maps-iOS-Utils/Heatmap (2.1.0):
    - Google-Maps-iOS-Utils/QuadTree
    - GoogleMaps
  - Google-Maps-iOS-Utils/QuadTree (2.1.0):
    - GoogleMaps
  - GoogleAppMeasurement (8.12.0):
    - GoogleAppMeasurement/AdIdSupport (= 8.12.0)
    - GoogleUtilities/AppDelegateSwizzler (~> 7.7)
    - GoogleUtilities/MethodSwizzler (~> 7.7)
    - GoogleUtilities/Network (~> 7.7)
    - "GoogleUtilities/NSData+zlib (~> 7.7)"
    - nanopb (~> 2.30908.0)
  - GoogleAppMeasurement/AdIdSupport (8.12.0):
    - GoogleAppMeasurement/WithoutAdIdSupport (= 8.12.0)
    - GoogleUtilities/AppDelegateSwizzler (~> 7.7)
    - GoogleUtilities/MethodSwizzler (~> 7.7)
    - GoogleUtilities/Network (~> 7.7)
    - "GoogleUtilities/NSData+zlib (~> 7.7)"
    - nanopb (~> 2.30908.0)
  - GoogleAppMeasurement/WithoutAdIdSupport (8.12.0):
    - GoogleUtilities/AppDelegateSwizzler (~> 7.7)
    - GoogleUtilities/MethodSwizzler (~> 7.7)
    - GoogleUtilities/Network (~> 7.7)
    - "GoogleUtilities/NSData+zlib (~> 7.7)"
    - nanopb (~> 2.30908.0)
  - GoogleDataTransport (9.1.0):
    - GoogleUtilities/Environment (~> 7.2)
    - nanopb (~> 2.30908.0)
    - PromisesObjC (< 3.0, >= 1.2)
  - GoogleMaps (3.2.0):
    - GoogleMaps/Maps (= 3.2.0)
  - GoogleMaps/Base (3.2.0)
  - GoogleMaps/Maps (3.2.0):
    - GoogleMaps/Base
  - GooglePlaces (3.2.0):
    - GoogleMaps/Base (= 3.2.0)
  - GoogleUtilities/AppDelegateSwizzler (7.7.0):
    - GoogleUtilities/Environment
    - GoogleUtilities/Logger
    - GoogleUtilities/Network
  - GoogleUtilities/Environment (7.7.0):
    - PromisesObjC (< 3.0, >= 1.2)
  - GoogleUtilities/Logger (7.7.0):
    - GoogleUtilities/Environment
  - GoogleUtilities/MethodSwizzler (7.7.0):
    - GoogleUtilities/Logger
  - GoogleUtilities/Network (7.7.0):
    - GoogleUtilities/Logger
    - "GoogleUtilities/NSData+zlib"
    - GoogleUtilities/Reachability
  - "GoogleUtilities/NSData+zlib (7.7.0)"
  - GoogleUtilities/Reachability (7.7.0):
    - GoogleUtilities/Logger
  - GoogleUtilities/UserDefaults (7.7.0):
    - GoogleUtilities/Logger
  - leveldb-library (1.22.1)
  - lottie-ios (3.1.9)
  - lottie-react-native (4.0.2):
    - lottie-ios (~> 3.1.8)
    - React-Core
  - nanopb (2.30908.0):
    - nanopb/decode (= 2.30908.0)
    - nanopb/encode (= 2.30908.0)
  - nanopb/decode (2.30908.0)
  - nanopb/encode (2.30908.0)
  - Permission-Camera (3.0.0):
    - RNPermissions
  - Permission-MediaLibrary (3.0.0):
    - RNPermissions
  - PromisesObjC (1.2.12)
  - RCT-Folly (2020.01.13.00):
    - boost-for-react-native
    - DoubleConversion
    - glog
    - RCT-Folly/Default (= 2020.01.13.00)
  - RCT-Folly/Default (2020.01.13.00):
    - boost-for-react-native
    - DoubleConversion
    - glog
  - RCTRequired (0.64.2)
  - RCTRestart (0.0.13):
    - React
  - RCTTypeSafety (0.64.2):
    - FBLazyVector (= 0.64.2)
    - RCT-Folly (= 2020.01.13.00)
    - RCTRequired (= 0.64.2)
    - React-Core (= 0.64.2)
  - React (0.64.2):
    - React-Core (= 0.64.2)
    - React-Core/DevSupport (= 0.64.2)
    - React-Core/RCTWebSocket (= 0.64.2)
    - React-RCTActionSheet (= 0.64.2)
    - React-RCTAnimation (= 0.64.2)
    - React-RCTBlob (= 0.64.2)
    - React-RCTImage (= 0.64.2)
    - React-RCTLinking (= 0.64.2)
    - React-RCTNetwork (= 0.64.2)
    - React-RCTSettings (= 0.64.2)
    - React-RCTText (= 0.64.2)
    - React-RCTVibration (= 0.64.2)
  - React-callinvoker (0.64.2)
  - React-Core (0.64.2):
    - glog
    - RCT-Folly (= 2020.01.13.00)
    - React-Core/Default (= 0.64.2)
    - React-cxxreact (= 0.64.2)
    - React-jsi (= 0.64.2)
    - React-jsiexecutor (= 0.64.2)
    - React-perflogger (= 0.64.2)
    - Yoga
  - React-Core/CoreModulesHeaders (0.64.2):
    - glog
    - RCT-Folly (= 2020.01.13.00)
    - React-Core/Default
    - React-cxxreact (= 0.64.2)
    - React-jsi (= 0.64.2)
    - React-jsiexecutor (= 0.64.2)
    - React-perflogger (= 0.64.2)
    - Yoga
  - React-Core/Default (0.64.2):
    - glog
    - RCT-Folly (= 2020.01.13.00)
    - React-cxxreact (= 0.64.2)
    - React-jsi (= 0.64.2)
    - React-jsiexecutor (= 0.64.2)
    - React-perflogger (= 0.64.2)
    - Yoga
  - React-Core/DevSupport (0.64.2):
    - glog
    - RCT-Folly (= 2020.01.13.00)
    - React-Core/Default (= 0.64.2)
    - React-Core/RCTWebSocket (= 0.64.2)
    - React-cxxreact (= 0.64.2)
    - React-jsi (= 0.64.2)
    - React-jsiexecutor (= 0.64.2)
    - React-jsinspector (= 0.64.2)
    - React-perflogger (= 0.64.2)
    - Yoga
  - React-Core/RCTActionSheetHeaders (0.64.2):
    - glog
    - RCT-Folly (= 2020.01.13.00)
    - React-Core/Default
    - React-cxxreact (= 0.64.2)
    - React-jsi (= 0.64.2)
    - React-jsiexecutor (= 0.64.2)
    - React-perflogger (= 0.64.2)
    - Yoga
  - React-Core/RCTAnimationHeaders (0.64.2):
    - glog
    - RCT-Folly (= 2020.01.13.00)
    - React-Core/Default
    - React-cxxreact (= 0.64.2)
    - React-jsi (= 0.64.2)
    - React-jsiexecutor (= 0.64.2)
    - React-perflogger (= 0.64.2)
    - Yoga
  - React-Core/RCTBlobHeaders (0.64.2):
    - glog
    - RCT-Folly (= 2020.01.13.00)
    - React-Core/Default
    - React-cxxreact (= 0.64.2)
    - React-jsi (= 0.64.2)
    - React-jsiexecutor (= 0.64.2)
    - React-perflogger (= 0.64.2)
    - Yoga
  - React-Core/RCTImageHeaders (0.64.2):
    - glog
    - RCT-Folly (= 2020.01.13.00)
    - React-Core/Default
    - React-cxxreact (= 0.64.2)
    - React-jsi (= 0.64.2)
    - React-jsiexecutor (= 0.64.2)
    - React-perflogger (= 0.64.2)
    - Yoga
  - React-Core/RCTLinkingHeaders (0.64.2):
    - glog
    - RCT-Folly (= 2020.01.13.00)
    - React-Core/Default
    - React-cxxreact (= 0.64.2)
    - React-jsi (= 0.64.2)
    - React-jsiexecutor (= 0.64.2)
    - React-perflogger (= 0.64.2)
    - Yoga
  - React-Core/RCTNetworkHeaders (0.64.2):
    - glog
    - RCT-Folly (= 2020.01.13.00)
    - React-Core/Default
    - React-cxxreact (= 0.64.2)
    - React-jsi (= 0.64.2)
    - React-jsiexecutor (= 0.64.2)
    - React-perflogger (= 0.64.2)
    - Yoga
  - React-Core/RCTSettingsHeaders (0.64.2):
    - glog
    - RCT-Folly (= 2020.01.13.00)
    - React-Core/Default
    - React-cxxreact (= 0.64.2)
    - React-jsi (= 0.64.2)
    - React-jsiexecutor (= 0.64.2)
    - React-perflogger (= 0.64.2)
    - Yoga
  - React-Core/RCTTextHeaders (0.64.2):
    - glog
    - RCT-Folly (= 2020.01.13.00)
    - React-Core/Default
    - React-cxxreact (= 0.64.2)
    - React-jsi (= 0.64.2)
    - React-jsiexecutor (= 0.64.2)
    - React-perflogger (= 0.64.2)
    - Yoga
  - React-Core/RCTVibrationHeaders (0.64.2):
    - glog
    - RCT-Folly (= 2020.01.13.00)
    - React-Core/Default
    - React-cxxreact (= 0.64.2)
    - React-jsi (= 0.64.2)
    - React-jsiexecutor (= 0.64.2)
    - React-perflogger (= 0.64.2)
    - Yoga
  - React-Core/RCTWebSocket (0.64.2):
    - glog
    - RCT-Folly (= 2020.01.13.00)
    - React-Core/Default (= 0.64.2)
    - React-cxxreact (= 0.64.2)
    - React-jsi (= 0.64.2)
    - React-jsiexecutor (= 0.64.2)
    - React-perflogger (= 0.64.2)
    - Yoga
  - React-CoreModules (0.64.2):
    - FBReactNativeSpec (= 0.64.2)
    - RCT-Folly (= 2020.01.13.00)
    - RCTTypeSafety (= 0.64.2)
    - React-Core/CoreModulesHeaders (= 0.64.2)
    - React-jsi (= 0.64.2)
    - React-RCTImage (= 0.64.2)
    - ReactCommon/turbomodule/core (= 0.64.2)
  - React-cxxreact (0.64.2):
    - boost-for-react-native (= 1.63.0)
    - DoubleConversion
    - glog
    - RCT-Folly (= 2020.01.13.00)
    - React-callinvoker (= 0.64.2)
    - React-jsi (= 0.64.2)
    - React-jsinspector (= 0.64.2)
    - React-perflogger (= 0.64.2)
    - React-runtimeexecutor (= 0.64.2)
  - React-jsi (0.64.2):
    - boost-for-react-native (= 1.63.0)
    - DoubleConversion
    - glog
    - RCT-Folly (= 2020.01.13.00)
    - React-jsi/Default (= 0.64.2)
  - React-jsi/Default (0.64.2):
    - boost-for-react-native (= 1.63.0)
    - DoubleConversion
    - glog
    - RCT-Folly (= 2020.01.13.00)
  - React-jsiexecutor (0.64.2):
    - DoubleConversion
    - glog
    - RCT-Folly (= 2020.01.13.00)
    - React-cxxreact (= 0.64.2)
    - React-jsi (= 0.64.2)
    - React-perflogger (= 0.64.2)
  - React-jsinspector (0.64.2)
  - react-native-background-downloader (2.3.4):
    - React
  - react-native-camera (3.40.0):
    - React-Core
    - react-native-camera/RCT (= 3.40.0)
    - react-native-camera/RN (= 3.40.0)
  - react-native-camera/RCT (3.40.0):
    - React-Core
  - react-native-camera/RN (3.40.0):
    - React-Core
  - react-native-document-picker (3.5.4):
    - React
  - react-native-geolocation (2.0.2):
    - React
  - react-native-geolocation-service (5.2.0):
    - React
  - react-native-get-random-values (1.7.2):
    - React-Core
  - react-native-google-maps (0.26.1):
    - Google-Maps-iOS-Utils (= 2.1.0)
    - GoogleMaps (= 3.2.0)
    - React
  - react-native-html-to-pdf (0.9.1):
    - React
  - react-native-image-picker (4.6.1):
    - React-Core
  - react-native-location (2.5.0):
    - React
  - react-native-maps (0.26.1):
    - React
  - react-native-netinfo (5.9.7):
    - React-Core
  - react-native-pager-view (5.1.5):
    - React-Core
  - react-native-safe-area-context (0.7.3):
    - React
  - react-native-webview (8.2.1):
    - React
  - React-perflogger (0.64.2)
  - React-RCTActionSheet (0.64.2):
    - React-Core/RCTActionSheetHeaders (= 0.64.2)
  - React-RCTAnimation (0.64.2):
    - FBReactNativeSpec (= 0.64.2)
    - RCT-Folly (= 2020.01.13.00)
    - RCTTypeSafety (= 0.64.2)
    - React-Core/RCTAnimationHeaders (= 0.64.2)
    - React-jsi (= 0.64.2)
    - ReactCommon/turbomodule/core (= 0.64.2)
  - React-RCTBlob (0.64.2):
    - FBReactNativeSpec (= 0.64.2)
    - RCT-Folly (= 2020.01.13.00)
    - React-Core/RCTBlobHeaders (= 0.64.2)
    - React-Core/RCTWebSocket (= 0.64.2)
    - React-jsi (= 0.64.2)
    - React-RCTNetwork (= 0.64.2)
    - ReactCommon/turbomodule/core (= 0.64.2)
  - React-RCTImage (0.64.2):
    - FBReactNativeSpec (= 0.64.2)
    - RCT-Folly (= 2020.01.13.00)
    - RCTTypeSafety (= 0.64.2)
    - React-Core/RCTImageHeaders (= 0.64.2)
    - React-jsi (= 0.64.2)
    - React-RCTNetwork (= 0.64.2)
    - ReactCommon/turbomodule/core (= 0.64.2)
  - React-RCTLinking (0.64.2):
    - FBReactNativeSpec (= 0.64.2)
    - React-Core/RCTLinkingHeaders (= 0.64.2)
    - React-jsi (= 0.64.2)
    - ReactCommon/turbomodule/core (= 0.64.2)
  - React-RCTNetwork (0.64.2):
    - FBReactNativeSpec (= 0.64.2)
    - RCT-Folly (= 2020.01.13.00)
    - RCTTypeSafety (= 0.64.2)
    - React-Core/RCTNetworkHeaders (= 0.64.2)
    - React-jsi (= 0.64.2)
    - ReactCommon/turbomodule/core (= 0.64.2)
  - React-RCTSettings (0.64.2):
    - FBReactNativeSpec (= 0.64.2)
    - RCT-Folly (= 2020.01.13.00)
    - RCTTypeSafety (= 0.64.2)
    - React-Core/RCTSettingsHeaders (= 0.64.2)
    - React-jsi (= 0.64.2)
    - ReactCommon/turbomodule/core (= 0.64.2)
  - React-RCTText (0.64.2):
    - React-Core/RCTTextHeaders (= 0.64.2)
  - React-RCTVibration (0.64.2):
    - FBReactNativeSpec (= 0.64.2)
    - RCT-Folly (= 2020.01.13.00)
    - React-Core/RCTVibrationHeaders (= 0.64.2)
    - React-jsi (= 0.64.2)
    - ReactCommon/turbomodule/core (= 0.64.2)
  - React-runtimeexecutor (0.64.2):
    - React-jsi (= 0.64.2)
  - ReactCommon/turbomodule/core (0.64.2):
    - DoubleConversion
    - glog
    - RCT-Folly (= 2020.01.13.00)
    - React-callinvoker (= 0.64.2)
    - React-Core (= 0.64.2)
    - React-cxxreact (= 0.64.2)
    - React-jsi (= 0.64.2)
    - React-perflogger (= 0.64.2)
  - ReactNativeGetLocation (2.2.1):
    - React-Core
  - rn-fetch-blob (0.11.2):
    - React-Core
  - RNCAsyncStorage (1.12.1):
    - React-Core
  - RNCMaskedView (0.1.10):
    - React
  - RNCPushNotificationIOS (1.6.1):
    - React-Core
  - RNDateTimePicker (3.0.4):
    - React-Core
  - RNDeviceInfo (5.6.5):
    - React
  - RNExitApp (1.1.0):
    - React
  - RNFBAnalytics (14.5.1):
    - Firebase/Analytics (= 8.12.1)
    - React-Core
    - RNFBApp
  - RNFBApp (14.5.1):
    - Firebase/CoreOnly (= 8.12.1)
    - React-Core
  - RNFBDatabase (14.5.1):
    - Firebase/Database (= 8.12.1)
    - React-Core
    - RNFBApp
  - RNFBMessaging (14.5.1):
    - Firebase/Messaging (= 8.12.1)
    - React-Core
    - RNFBApp
  - RNFileViewer (2.1.5):
    - React-Core
  - RNFS (2.16.6):
    - React
  - RNGestureHandler (1.8.0):
    - React
  - RNImageCropPicker (0.36.4):
    - React-Core
    - React-RCTImage
    - RNImageCropPicker/QBImagePickerController (= 0.36.4)
    - TOCropViewController
  - RNImageCropPicker/QBImagePickerController (0.36.4):
    - React-Core
    - React-RCTImage
    - TOCropViewController
  - RNPermissions (3.0.0):
    - React-Core
  - RNReactNativePdfLib (1.0.0):
    - React
  - RNReanimated (1.13.1):
    - React
  - RNScreens (2.11.0):
    - React
  - RNSound (0.11.0):
    - React
    - RNSound/Core (= 0.11.0)
  - RNSound/Core (0.11.0):
    - React
  - RNSVG (12.1.0):
    - React
  - RNTextGradientView (0.1.7):
    - React
  - RNVectorIcons (8.1.0):
    - React-Core
  - TOCropViewController (2.6.0)
  - toolbar-android (0.1.0-rc.2):
    - React
  - Yoga (1.14.0)

DEPENDENCIES:
  - "@mauron85_react-native-background-geolocation (from `../node_modules/@mauron85/react-native-background-geolocation`)"
  - BugsnagReactNative (from `../node_modules/bugsnag-react-native`)
  - BVLinearGradient (from `../node_modules/react-native-linear-gradient`)
  - DoubleConversion (from `../node_modules/react-native/third-party-podspecs/DoubleConversion.podspec`)
  - FBLazyVector (from `../node_modules/react-native/Libraries/FBLazyVector`)
  - FBReactNativeSpec (from `../node_modules/react-native/React/FBReactNativeSpec`)
  - Firebase/Core
  - glog (from `../node_modules/react-native/third-party-podspecs/glog.podspec`)
  - Google-Maps-iOS-Utils
  - GoogleMaps
  - GooglePlaces
  - lottie-react-native (from `../node_modules/lottie-react-native`)
  - Permission-Camera (from `../node_modules/react-native-permissions/ios/Camera`)
  - Permission-MediaLibrary (from `../node_modules/react-native-permissions/ios/MediaLibrary`)
  - RCT-Folly (from `../node_modules/react-native/third-party-podspecs/RCT-Folly.podspec`)
  - RCTRequired (from `../node_modules/react-native/Libraries/RCTRequired`)
  - RCTRestart (from `../node_modules/react-native-restart/ios`)
  - RCTTypeSafety (from `../node_modules/react-native/Libraries/TypeSafety`)
  - React (from `../node_modules/react-native/`)
  - React-callinvoker (from `../node_modules/react-native/ReactCommon/callinvoker`)
  - React-Core (from `../node_modules/react-native/`)
  - React-Core/DevSupport (from `../node_modules/react-native/`)
  - React-Core/RCTWebSocket (from `../node_modules/react-native/`)
  - React-CoreModules (from `../node_modules/react-native/React/CoreModules`)
  - React-cxxreact (from `../node_modules/react-native/ReactCommon/cxxreact`)
  - React-jsi (from `../node_modules/react-native/ReactCommon/jsi`)
  - React-jsiexecutor (from `../node_modules/react-native/ReactCommon/jsiexecutor`)
  - React-jsinspector (from `../node_modules/react-native/ReactCommon/jsinspector`)
  - react-native-background-downloader (from `../node_modules/react-native-background-downloader`)
  - react-native-camera (from `../node_modules/react-native-camera`)
  - react-native-document-picker (from `../node_modules/react-native-document-picker`)
  - "react-native-geolocation (from `../node_modules/@react-native-community/geolocation`)"
  - react-native-geolocation-service (from `../node_modules/react-native-geolocation-service`)
  - react-native-get-random-values (from `../node_modules/react-native-get-random-values`)
  - react-native-google-maps (from `../node_modules/react-native-maps`)
  - react-native-html-to-pdf (from `../node_modules/react-native-html-to-pdf`)
  - react-native-image-picker (from `../node_modules/react-native-image-picker`)
  - react-native-location (from `../node_modules/react-native-location`)
  - react-native-maps (from `../node_modules/react-native-maps`)
  - "react-native-netinfo (from `../node_modules/@react-native-community/netinfo`)"
  - react-native-pager-view (from `../node_modules/react-native-pager-view`)
  - react-native-safe-area-context (from `../node_modules/react-native-safe-area-context`)
  - react-native-webview (from `../node_modules/react-native-webview`)
  - React-perflogger (from `../node_modules/react-native/ReactCommon/reactperflogger`)
  - React-RCTActionSheet (from `../node_modules/react-native/Libraries/ActionSheetIOS`)
  - React-RCTAnimation (from `../node_modules/react-native/Libraries/NativeAnimation`)
  - React-RCTBlob (from `../node_modules/react-native/Libraries/Blob`)
  - React-RCTImage (from `../node_modules/react-native/Libraries/Image`)
  - React-RCTLinking (from `../node_modules/react-native/Libraries/LinkingIOS`)
  - React-RCTNetwork (from `../node_modules/react-native/Libraries/Network`)
  - React-RCTSettings (from `../node_modules/react-native/Libraries/Settings`)
  - React-RCTText (from `../node_modules/react-native/Libraries/Text`)
  - React-RCTVibration (from `../node_modules/react-native/Libraries/Vibration`)
  - React-runtimeexecutor (from `../node_modules/react-native/ReactCommon/runtimeexecutor`)
  - ReactCommon/turbomodule/core (from `../node_modules/react-native/ReactCommon`)
  - ReactNativeGetLocation (from `../node_modules/react-native-get-location`)
  - rn-fetch-blob (from `../node_modules/rn-fetch-blob`)
  - "RNCAsyncStorage (from `../node_modules/@react-native-community/async-storage`)"
  - "RNCMaskedView (from `../node_modules/@react-native-community/masked-view`)"
  - "RNCPushNotificationIOS (from `../node_modules/@react-native-community/push-notification-ios`)"
  - "RNDateTimePicker (from `../node_modules/@react-native-community/datetimepicker`)"
  - RNDeviceInfo (from `../node_modules/react-native-device-info`)
  - RNExitApp (from `../node_modules/react-native-exit-app`)
  - "RNFBAnalytics (from `../node_modules/@react-native-firebase/analytics`)"
  - "RNFBApp (from `../node_modules/@react-native-firebase/app`)"
  - "RNFBDatabase (from `../node_modules/@react-native-firebase/database`)"
  - "RNFBMessaging (from `../node_modules/@react-native-firebase/messaging`)"
  - RNFileViewer (from `../node_modules/react-native-file-viewer`)
  - RNFS (from `../node_modules/react-native-fs`)
  - RNGestureHandler (from `../node_modules/react-native-gesture-handler`)
  - RNImageCropPicker (from `../node_modules/react-native-image-crop-picker`)
  - RNPermissions (from `../node_modules/react-native-permissions`)
  - RNReactNativePdfLib (from `../node_modules/react-native-pdf-lib/ios`)
  - RNReanimated (from `../node_modules/react-native-reanimated`)
  - RNScreens (from `../node_modules/react-native-screens`)
  - RNSound (from `../node_modules/react-native-sound`)
  - RNSVG (from `../node_modules/react-native-svg`)
  - RNTextGradientView (from `../node_modules/react-native-text-gradient/RNTextGradientView.podspec`)
  - RNVectorIcons (from `../node_modules/react-native-vector-icons`)
  - "toolbar-android (from `../node_modules/@react-native-community/toolbar-android`)"
  - Yoga (from `../node_modules/react-native/ReactCommon/yoga`)

SPEC REPOS:
  trunk:
    - boost-for-react-native
    - Firebase
    - FirebaseAnalytics
    - FirebaseCore
    - FirebaseCoreDiagnostics
    - FirebaseDatabase
    - FirebaseInstallations
    - FirebaseMessaging
    - Google-Maps-iOS-Utils
    - GoogleAppMeasurement
    - GoogleDataTransport
    - GoogleMaps
    - GooglePlaces
    - GoogleUtilities
    - leveldb-library
    - lottie-ios
    - nanopb
    - PromisesObjC
    - TOCropViewController

EXTERNAL SOURCES:
  "@mauron85_react-native-background-geolocation":
    :path: "../node_modules/@mauron85/react-native-background-geolocation"
  BugsnagReactNative:
    :path: "../node_modules/bugsnag-react-native"
  BVLinearGradient:
    :path: "../node_modules/react-native-linear-gradient"
  DoubleConversion:
    :podspec: "../node_modules/react-native/third-party-podspecs/DoubleConversion.podspec"
  FBLazyVector:
    :path: "../node_modules/react-native/Libraries/FBLazyVector"
  FBReactNativeSpec:
    :path: "../node_modules/react-native/React/FBReactNativeSpec"
  glog:
    :podspec: "../node_modules/react-native/third-party-podspecs/glog.podspec"
  lottie-react-native:
    :path: "../node_modules/lottie-react-native"
  Permission-Camera:
    :path: "../node_modules/react-native-permissions/ios/Camera"
  Permission-MediaLibrary:
    :path: "../node_modules/react-native-permissions/ios/MediaLibrary"
  RCT-Folly:
    :podspec: "../node_modules/react-native/third-party-podspecs/RCT-Folly.podspec"
  RCTRequired:
    :path: "../node_modules/react-native/Libraries/RCTRequired"
  RCTRestart:
    :path: "../node_modules/react-native-restart/ios"
  RCTTypeSafety:
    :path: "../node_modules/react-native/Libraries/TypeSafety"
  React:
    :path: "../node_modules/react-native/"
  React-callinvoker:
    :path: "../node_modules/react-native/ReactCommon/callinvoker"
  React-Core:
    :path: "../node_modules/react-native/"
  React-CoreModules:
    :path: "../node_modules/react-native/React/CoreModules"
  React-cxxreact:
    :path: "../node_modules/react-native/ReactCommon/cxxreact"
  React-jsi:
    :path: "../node_modules/react-native/ReactCommon/jsi"
  React-jsiexecutor:
    :path: "../node_modules/react-native/ReactCommon/jsiexecutor"
  React-jsinspector:
    :path: "../node_modules/react-native/ReactCommon/jsinspector"
  react-native-background-downloader:
    :path: "../node_modules/react-native-background-downloader"
  react-native-camera:
    :path: "../node_modules/react-native-camera"
  react-native-document-picker:
    :path: "../node_modules/react-native-document-picker"
  react-native-geolocation:
    :path: "../node_modules/@react-native-community/geolocation"
  react-native-geolocation-service:
    :path: "../node_modules/react-native-geolocation-service"
  react-native-get-random-values:
    :path: "../node_modules/react-native-get-random-values"
  react-native-google-maps:
    :path: "../node_modules/react-native-maps"
  react-native-html-to-pdf:
    :path: "../node_modules/react-native-html-to-pdf"
  react-native-image-picker:
    :path: "../node_modules/react-native-image-picker"
  react-native-location:
    :path: "../node_modules/react-native-location"
  react-native-maps:
    :path: "../node_modules/react-native-maps"
  react-native-netinfo:
    :path: "../node_modules/@react-native-community/netinfo"
  react-native-pager-view:
    :path: "../node_modules/react-native-pager-view"
  react-native-safe-area-context:
    :path: "../node_modules/react-native-safe-area-context"
  react-native-webview:
    :path: "../node_modules/react-native-webview"
  React-perflogger:
    :path: "../node_modules/react-native/ReactCommon/reactperflogger"
  React-RCTActionSheet:
    :path: "../node_modules/react-native/Libraries/ActionSheetIOS"
  React-RCTAnimation:
    :path: "../node_modules/react-native/Libraries/NativeAnimation"
  React-RCTBlob:
    :path: "../node_modules/react-native/Libraries/Blob"
  React-RCTImage:
    :path: "../node_modules/react-native/Libraries/Image"
  React-RCTLinking:
    :path: "../node_modules/react-native/Libraries/LinkingIOS"
  React-RCTNetwork:
    :path: "../node_modules/react-native/Libraries/Network"
  React-RCTSettings:
    :path: "../node_modules/react-native/Libraries/Settings"
  React-RCTText:
    :path: "../node_modules/react-native/Libraries/Text"
  React-RCTVibration:
    :path: "../node_modules/react-native/Libraries/Vibration"
  React-runtimeexecutor:
    :path: "../node_modules/react-native/ReactCommon/runtimeexecutor"
  ReactCommon:
    :path: "../node_modules/react-native/ReactCommon"
  ReactNativeGetLocation:
    :path: "../node_modules/react-native-get-location"
  rn-fetch-blob:
    :path: "../node_modules/rn-fetch-blob"
  RNCAsyncStorage:
    :path: "../node_modules/@react-native-community/async-storage"
  RNCMaskedView:
    :path: "../node_modules/@react-native-community/masked-view"
  RNCPushNotificationIOS:
    :path: "../node_modules/@react-native-community/push-notification-ios"
  RNDateTimePicker:
    :path: "../node_modules/@react-native-community/datetimepicker"
  RNDeviceInfo:
    :path: "../node_modules/react-native-device-info"
  RNExitApp:
    :path: "../node_modules/react-native-exit-app"
  RNFBAnalytics:
    :path: "../node_modules/@react-native-firebase/analytics"
  RNFBApp:
    :path: "../node_modules/@react-native-firebase/app"
  RNFBDatabase:
    :path: "../node_modules/@react-native-firebase/database"
  RNFBMessaging:
    :path: "../node_modules/@react-native-firebase/messaging"
  RNFileViewer:
    :path: "../node_modules/react-native-file-viewer"
  RNFS:
    :path: "../node_modules/react-native-fs"
  RNGestureHandler:
    :path: "../node_modules/react-native-gesture-handler"
  RNImageCropPicker:
    :path: "../node_modules/react-native-image-crop-picker"
  RNPermissions:
    :path: "../node_modules/react-native-permissions"
  RNReactNativePdfLib:
    :path: "../node_modules/react-native-pdf-lib/ios"
  RNReanimated:
    :path: "../node_modules/react-native-reanimated"
  RNScreens:
    :path: "../node_modules/react-native-screens"
  RNSound:
    :path: "../node_modules/react-native-sound"
  RNSVG:
    :path: "../node_modules/react-native-svg"
  RNTextGradientView:
    :podspec: "../node_modules/react-native-text-gradient/RNTextGradientView.podspec"
  RNVectorIcons:
    :path: "../node_modules/react-native-vector-icons"
  toolbar-android:
    :path: "../node_modules/@react-native-community/toolbar-android"
  Yoga:
    :path: "../node_modules/react-native/ReactCommon/yoga"

CHECKOUT OPTIONS:
  RNTextGradientView:
    :commit: 8442405fc3ee155ff52788c6f1f990b3146c1f57
    :git: https://github.com/iyegoroff/react-native-text-gradient.git

SPEC CHECKSUMS:
  "@mauron85_react-native-background-geolocation": 70177f5ccd8844497a2f5f0a23c77ee4c4608d42
  boost-for-react-native: 39c7adb57c4e60d6c5479dd8623128eb5b3f0f2c
  BugsnagReactNative: 98fb350df4bb0c94cce903023531a1a5cc11fa51
  BVLinearGradient: e3aad03778a456d77928f594a649e96995f1c872
  DoubleConversion: cf9b38bf0b2d048436d9a82ad2abe1404f11e7de
  FBLazyVector: e686045572151edef46010a6f819ade377dfeb4b
  FBReactNativeSpec: 942ef079b1bae8a557bc26abc5980d9ffa0e4a34
  Firebase: 580d09e8edafc3073ebf09c03fd42e4d80d35fe9
  FirebaseAnalytics: bd10d7706ba8d6e01ea2816f8fe9e9b881cb0918
  FirebaseCore: 8138de860a90ca7eec5e324da5788fb0ebf1d93c
  FirebaseCoreDiagnostics: a31d987ba0fe16d59886a5dbadc2f1de871f88c8
  FirebaseDatabase: f130b3d45b2a7a0b86059734d5bd67353df8d32f
  FirebaseInstallations: c4aab1005d6547b00a7529777fe52f5d4d45165b
  FirebaseMessaging: 23db8bf05585e929ada8af0f0968933c25252808
  glog: 73c2498ac6884b13ede40eda8228cb1eee9d9d62
  Google-Maps-iOS-Utils: c32891ff472eaaa1fca032beedafa1a013af7875
  GoogleAppMeasurement: ae033c3aad67e68294369373056b4d74cc8ae0d6
  GoogleDataTransport: 85fd18ff3019bb85d3f2c551d04c481dedf71fc9
  GoogleMaps: 5046d7edfe381c1a0b20fdaf293915a375c3122b
  GooglePlaces: 41bc2e480816b1234a48f4bec92e1c886f37cfe1
  GoogleUtilities: e0913149f6b0625b553d70dae12b49fc62914fd1
  leveldb-library: 50c7b45cbd7bf543c81a468fe557a16ae3db8729
  lottie-ios: 3a3758ef5a008e762faec9c9d50a39842f26d124
  lottie-react-native: 4dff8fe8d10ddef9e7880e770080f4a56121397e
  nanopb: a0ba3315591a9ae0a16a309ee504766e90db0c96
  Permission-Camera: 358081c7b8210849958af181ce9ddeb11932aa82
  Permission-MediaLibrary: 8187d4e44ea517860f1b12aac792ed45a031eeb2
  PromisesObjC: 3113f7f76903778cf4a0586bd1ab89329a0b7b97
  RCT-Folly: ec7a233ccc97cc556cf7237f0db1ff65b986f27c
  RCTRequired: 6d3e854f0e7260a648badd0d44fc364bc9da9728
  RCTRestart: e8e3868a71dbec2cf8055fc2c0635db23c8c4479
  RCTTypeSafety: c1f31d19349c6b53085766359caac425926fafaa
  React: bda6b6d7ae912de97d7a61aa5c160db24aa2ad69
  React-callinvoker: 9840ea7e8e88ed73d438edb725574820b29b5baa
  React-Core: b5e385da7ce5f16a220fc60fd0749eae2c6120f0
  React-CoreModules: 17071a4e2c5239b01585f4aa8070141168ab298f
  React-cxxreact: 9be7b6340ed9f7c53e53deca7779f07cd66525ba
  React-jsi: 67747b9722f6dab2ffe15b011bcf6b3f2c3f1427
  React-jsiexecutor: 80c46bd381fd06e418e0d4f53672dc1d1945c4c3
  React-jsinspector: cc614ec18a9ca96fd275100c16d74d62ee11f0ae
  react-native-background-downloader: f33bf10a731164e272c9101254f63c74b8dc09f9
  react-native-camera: 5c1fbfecf63b802b8ca4a71c60d30a71550fb348
  react-native-document-picker: c5752781fbc0c126c627c1549b037c139444a4cf
  react-native-geolocation: cbd9d6bd06bac411eed2671810f454d4908484a8
  react-native-geolocation-service: 7c9436da6dfdecd9526c62eac62ea2bc3f0cc8ea
  react-native-get-random-values: 30b3f74ca34e30e2e480de48e4add2706a40ac8f
  react-native-google-maps: 2e2e697dab576abd5809d78cd74e775865b62bf7
  react-native-html-to-pdf: 95ffebf254a9a1e5aaacfcaf4116974096b060d8
  react-native-image-picker: febf8b5e300bedb47c9157b2b6434dc4f6137ab5
  react-native-location: 9c53c0957756f7d70e8fdc76b1c7ed85867c8d0b
  react-native-maps: 6e499eee4eabf422ba8b6f94e993cc768bf35153
  react-native-netinfo: e36c1bb6df27ab84aa933679b3f5bbf9d180b18f
  react-native-pager-view: 80cb8c70bc6fb2459454ca2c47ed904b317750d7
  react-native-safe-area-context: 8260e5157617df4b72865f44006797f895b2ada7
  react-native-webview: d3cf75764f98fd433f1222f5a7ca8e355ada2a15
  React-perflogger: 25373e382fed75ce768a443822f07098a15ab737
  React-RCTActionSheet: af7796ba49ffe4ca92e7277a5d992d37203f7da5
  React-RCTAnimation: 6a2e76ab50c6f25b428d81b76a5a45351c4d77aa
  React-RCTBlob: 02a2887023e0eed99391b6445b2e23a2a6f9226d
  React-RCTImage: ce5bf8e7438f2286d9b646a05d6ab11f38b0323d
  React-RCTLinking: ccd20742de14e020cb5f99d5c7e0bf0383aefbd9
  React-RCTNetwork: dfb9d089ab0753e5e5f55fc4b1210858f7245647
  React-RCTSettings: b14aef2d83699e48b410fb7c3ba5b66cd3291ae2
  React-RCTText: 41a2e952dd9adc5caf6fb68ed46b275194d5da5f
  React-RCTVibration: 24600e3b1aaa77126989bc58b6747509a1ba14f3
  React-runtimeexecutor: a9904c6d0218fb9f8b19d6dd88607225927668f9
  ReactCommon: 149906e01aa51142707a10665185db879898e966
  ReactNativeGetLocation: 8517f44ae7364ac45fa3946f8bffeaa73594ff0d
  rn-fetch-blob: f525a73a78df9ed5d35e67ea65e79d53c15255bc
  RNCAsyncStorage: cb9a623793918c6699586281f0b51cbc38f046f9
  RNCMaskedView: f5c7d14d6847b7b44853f7acb6284c1da30a3459
  RNCPushNotificationIOS: cfc6e1821f1af1874741d9b7055b75c0f8fa8a7d
  RNDateTimePicker: 88dc10d685ce961339bad3353c64db96c5abd19b
  RNDeviceInfo: e841619c3dac5495a095c5455473579ff04908d4
  RNExitApp: 7d81855142a4d11eb75f4f06fdebf5a950d7aef2
  RNFBAnalytics: 74cd9c60531ed33e5347b2dccafa172ae1a851a4
  RNFBApp: 5bae3002117e55f3c9aa0fb38175dd16c8046c90
  RNFBDatabase: 3c0f5efe76714ca3a8838250fdefe26a85f3380e
  RNFBMessaging: ae6c40883868cd01fa802395174ec7d61cfa0920
  RNFileViewer: ce7ca3ac370e18554d35d6355cffd7c30437c592
  RNFS: 2bd9eb49dc82fa9676382f0585b992c424cd59df
  RNGestureHandler: 7a5833d0f788dbd107fbb913e09aa0c1ff333c39
  RNImageCropPicker: 73891a709e6fd8a47d32104d942757971f220aee
  RNPermissions: 350964d19150b183796a88180fb7ec62a1e41422
  RNReactNativePdfLib: 983d89f8b30d4a682fedef5598edf3184b3d93b7
  RNReanimated: dd8c286ab5dd4ba36d3a7fef8bff7e08711b5476
  RNScreens: 0e91da98ab26d5d04c7b59a9b6bd694124caf88c
  RNSound: c980916b596cc15c8dcd2f6ecd3b13c4881dbe20
  RNSVG: ce9d996113475209013317e48b05c21ee988d42e
  RNTextGradientView: 3eb4744303f801546fad35ac47a53cc82257cb25
  RNVectorIcons: 31cebfcf94e8cf8686eb5303ae0357da64d7a5a4
  TOCropViewController: 3105367e808b7d3d886a74ff59bf4804e7d3ab38
  toolbar-android: 404f4450b203597e7b417f714ff417bed562a1be
  Yoga: 575c581c63e0d35c9a83f4b46d01d63abc1100ac

PODFILE CHECKSUM: a27b10d27f62c6a8829a6d0658b265b56981cad2

COCOAPODS: 1.11.2
